// !$*UTF8*$!
{
	archiveVersion = 1;
	classes = {
	};
	objectVersion = 56;
	objects = {

/* Begin PBXBuildFile section */
		081B0B0929E431550052A0BD /* Constants.swift in Sources */ = {isa = PBXBuildFile; fileRef = 081B0B0829E431550052A0BD /* Constants.swift */; };
		086E69CC2DA5B2D200B360A1 /* AppSettings.swift in Sources */ = {isa = PBXBuildFile; fileRef = 086E69CB2DA5B2D200B360A1 /* AppSettings.swift */; };
		0881F2C32DA6772900EE61A1 /* Debug.swift in Sources */ = {isa = PBXBuildFile; fileRef = 0881F2C22DA6772600EE61A1 /* Debug.swift */; };
		08REF00329F0000100A1B2C /* Bundle+Version.swift in Sources */ = {isa = PBXBuildFile; fileRef = 08REF01329F0000100A1B2C /* Bundle+Version.swift */; };
		0898B41B2BE16DBA0087D747 /* LaunchAtLogin in Frameworks */ = {isa = PBXBuildFile; productRef = 0898B41A2BE16DBA0087D747 /* LaunchAtLogin */; };
		08E19EF229DE19F80081AB4E /* AppDelegate.swift in Sources */ = {isa = PBXBuildFile; fileRef = 08E19EF129DE19F80081AB4E /* AppDelegate.swift */; };
		08E19EF629DE19F90081AB4E /* Assets.xcassets in Resources */ = {isa = PBXBuildFile; fileRef = 08E19EF529DE19F90081AB4E /* Assets.xcassets */; };
		08E19EF929DE19F90081AB4E /* Main.storyboard in Resources */ = {isa = PBXBuildFile; fileRef = 08E19EF729DE19F90081AB4E /* Main.storyboard */; };
		08E19F0429DE19F90081AB4E /* ChorderTests.swift in Sources */ = {isa = PBXBuildFile; fileRef = 08E19F0329DE19F90081AB4E /* ChorderTests.swift */; };
		08E19F0E29DE19F90081AB4E /* ChorderUITests.swift in Sources */ = {isa = PBXBuildFile; fileRef = 08E19F0D29DE19F90081AB4E /* ChorderUITests.swift */; };
		08E19F1029DE19F90081AB4E /* ChorderUITestsLaunchTests.swift in Sources */ = {isa = PBXBuildFile; fileRef = 08E19F0F29DE19F90081AB4E /* ChorderUITestsLaunchTests.swift */; };
		08E19F2129DE1A950081AB4E /* Chord.swift in Sources */ = {isa = PBXBuildFile; fileRef = 08E19F2029DE1A950081AB4E /* Chord.swift */; };
		08E19F2429DE1CAD0081AB4E /* Settings.swift in Sources */ = {isa = PBXBuildFile; fileRef = 08E19F2329DE1CAD0081AB4E /* Settings.swift */; };
		08E19F2829DF11FC0081AB4E /* AppModel.swift in Sources */ = {isa = PBXBuildFile; fileRef = 08E19F2729DF11FC0081AB4E /* AppModel.swift */; };
		08EE670029E9584000F4A6E5 /* BookMarks.swift in Sources */ = {isa = PBXBuildFile; fileRef = 08EE66FF29E9584000F4A6E5 /* BookMarks.swift */; };
		A1B2C3D42DA6B2D200B360A1 /* OutputPlaceholderExpansion.swift in Sources */ = {isa = PBXBuildFile; fileRef = A1B2C3D32DA6B2D200B360A1 /* OutputPlaceholderExpansion.swift */; };
		B2C3D4E62DA6B2D200B360A2 /* MachineIdentifier.swift in Sources */ = {isa = PBXBuildFile; fileRef = B2C3D4E52DA6B2D200B360A2 /* MachineIdentifier.swift */; };
		C3D4E5F72DA6B2D200B360A3 /* ChordUsageStats.swift in Sources */ = {isa = PBXBuildFile; fileRef = C3D4E5F62DA6B2D200B360A3 /* ChordUsageStats.swift */; };
		D4E5F682DA6B2D200B360A4 /* SettingsMigration.swift in Sources */ = {isa = PBXBuildFile; fileRef = D4E5F672DA6B2D200B360A4 /* SettingsMigration.swift */; };
		E5F697A82DA6B2D200B360A5 /* ChordDetectionState.swift in Sources */ = {isa = PBXBuildFile; fileRef = E5F697A72DA6B2D200B360A5 /* ChordDetectionState.swift */; };
		F1A2B3C5032DA6B2D200B360A6 /* PermissionCoordinator.swift in Sources */ = {isa = PBXBuildFile; fileRef = F1A2B3C5042DA6B2D200B360A6 /* PermissionCoordinator.swift */; };
		F1A2B3C5052DA6B2D200B360A6 /* TextReplacer.swift in Sources */ = {isa = PBXBuildFile; fileRef = F1A2B3C5062DA6B2D200B360A6 /* TextReplacer.swift */; };
		A2B3C4D7082DA6B2D200B360A9 /* AccessibilityReplacementVerification.swift in Sources */ = {isa = PBXBuildFile; fileRef = A2B3C4D7092DA6B2D200B360A9 /* AccessibilityReplacementVerification.swift */; };
		H3C4D5E7022DA6B2D200B360A8 /* KeyboardInputEngine.swift in Sources */ = {isa = PBXBuildFile; fileRef = H3C4D5E7032DA6B2D200B360A8 /* KeyboardInputEngine.swift */; };
		G2B3C4D6052DA6B2D200B360A7 /* AppDelegate+StatusBar.swift in Sources */ = {isa = PBXBuildFile; fileRef = G2B3C4D6062DA6B2D200B360A7 /* AppDelegate+StatusBar.swift */; };
		PRCA00012DA6B2D200B360B1 /* ChordPracticeSelection.swift in Sources */ = {isa = PBXBuildFile; fileRef = PRCA00022DA6B2D200B360B1 /* ChordPracticeSelection.swift */; };
		PRCA00032DA6B2D200B360B1 /* PracticeView.swift in Sources */ = {isa = PBXBuildFile; fileRef = PRCA00042DA6B2D200B360B1 /* PracticeView.swift */; };
		PRCA00052DA6B2D200B360B1 /* PracticeChordMonitor.swift in Sources */ = {isa = PBXBuildFile; fileRef = PRCA00062DA6B2D200B360B1 /* PracticeChordMonitor.swift */; };
		STCA00032DA6B2D200B360B1 /* StatsView.swift in Sources */ = {isa = PBXBuildFile; fileRef = STCA00042DA6B2D200B360B1 /* StatsView.swift */; };
		IMKCHORDUI02 /* Chord+UI.swift in Sources */ = {isa = PBXBuildFile; fileRef = IMKCHORDUI01 /* Chord+UI.swift */; };
		IMKLEGTO02 /* LegacyTextOutputter.swift in Sources */ = {isa = PBXBuildFile; fileRef = IMKLEGTO01 /* LegacyTextOutputter.swift */; };
		IMKREG02 /* AppSettingsChordRegistry.swift in Sources */ = {isa = PBXBuildFile; fileRef = IMKREG01 /* AppSettingsChordRegistry.swift */; };
		IMKINST02 /* InputMethodInstaller.swift in Sources */ = {isa = PBXBuildFile; fileRef = IMKINST01 /* InputMethodInstaller.swift */; };
		IMKNOTIF02 /* Notifications.swift in Sources */ = {isa = PBXBuildFile; fileRef = IMKNOTIF01 /* Notifications.swift */; };
		IMKMAIN02 /* main.swift in Sources */ = {isa = PBXBuildFile; fileRef = IMKMAIN01 /* main.swift */; };
		IMKCTRL02 /* ChorderInputController.swift in Sources */ = {isa = PBXBuildFile; fileRef = IMKCTRL01 /* ChorderInputController.swift */; };
		IMKINS02 /* IMKTextInserter.swift in Sources */ = {isa = PBXBuildFile; fileRef = IMKINS01 /* IMKTextInserter.swift */; };
		IMKSESS02 /* IMKChordSession.swift in Sources */ = {isa = PBXBuildFile; fileRef = IMKSESS01 /* IMKChordSession.swift */; };
		IMKSHREG02 /* SharedSettingsChordRegistry.swift in Sources */ = {isa = PBXBuildFile; fileRef = IMKSHREG01 /* SharedSettingsChordRegistry.swift */; };
		7808C0CC3FAC44C7BB47FD23 /* ChorderCore in Frameworks */ = {isa = PBXBuildFile; productRef = FE55E07000D54760A95117B2 /* ChorderCore */; };
		7DE95F9292FE4466B8161D5E /* ChorderCore in Frameworks */ = {isa = PBXBuildFile; productRef = ED15EA9C89114620B96949F9 /* ChorderCore */; };
		58114FF6483847BB8FE49980 /* ChorderCore in Frameworks */ = {isa = PBXBuildFile; productRef = 329EC5CBDAD147039B55B8E5 /* ChorderCore */; };
		B15B9CBD925348FA9750EB55 /* InputMethodKit.framework in Frameworks */ = {isa = PBXBuildFile; fileRef = DF1BC248AA9942E3AACB5C6D /* InputMethodKit.framework */; };
		E83AE6D567AB4C13B1C2F755 /* ChorderInputMethod.app in Copy Files */ = {isa = PBXBuildFile; fileRef = 6D9353EBDC554ECAAB6FE504 /* ChorderInputMethod.app */; settings = {ATTRIBUTES = (CodeSignOnCopy, RemoveHeadersOnCopy); }; };
		IMKICON02 /* ChorderIcon.png in Resources */ = {isa = PBXBuildFile; fileRef = IMKICON01 /* ChorderIcon.png */; };
		IMKICON03 /* ChorderIcon.tiff in Resources */ = {isa = PBXBuildFile; fileRef = IMKICON04 /* ChorderIcon.tiff */; };
		IMKSTR02 /* InfoPlist.strings in Resources */ = {isa = PBXBuildFile; fileRef = IMKSTR01 /* InfoPlist.strings */; };
/* End PBXBuildFile section */

/* Begin PBXContainerItemProxy section */
		08E19F0029DE19F90081AB4E /* PBXContainerItemProxy */ = {
			isa = PBXContainerItemProxy;
			containerPortal = 08E19EE629DE19F80081AB4E /* Project object */;
			proxyType = 1;
			remoteGlobalIDString = 08E19EED29DE19F80081AB4E;
			remoteInfo = "Chorder";
		};
		08E19F0A29DE19F90081AB4E /* PBXContainerItemProxy */ = {
			isa = PBXContainerItemProxy;
			containerPortal = 08E19EE629DE19F80081AB4E /* Project object */;
			proxyType = 1;
			remoteGlobalIDString = 08E19EED29DE19F80081AB4E;
			remoteInfo = "Chorder";
		};
		8A97599C51994ACDB4B07CA5 /* PBXContainerItemProxy */ = {
			isa = PBXContainerItemProxy;
			containerPortal = 08E19EE629DE19F80081AB4E /* Project object */;
			proxyType = 1;
			remoteGlobalIDString = B483BC58668845F9894CC328;
			remoteInfo = ChorderInputMethod;
		};
/* End PBXContainerItemProxy section */

/* Begin PBXFileReference section */
		081B0B0829E431550052A0BD /* Constants.swift */ = {isa = PBXFileReference; lastKnownFileType = sourcecode.swift; path = Constants.swift; sourceTree = "<group>"; };
		082708E92E4760AA0015A4F4 /* Chorder-Info.plist */ = {isa = PBXFileReference; lastKnownFileType = text.plist; path = "Chorder-Info.plist"; sourceTree = SOURCE_ROOT; };
		086E69CB2DA5B2D200B360A1 /* AppSettings.swift */ = {isa = PBXFileReference; lastKnownFileType = sourcecode.swift; path = AppSettings.swift; sourceTree = "<group>"; };
		0881F2C22DA6772600EE61A1 /* Debug.swift */ = {isa = PBXFileReference; lastKnownFileType = sourcecode.swift; path = Debug.swift; sourceTree = "<group>"; };
		08REF01329F0000100A1B2C /* Bundle+Version.swift */ = {isa = PBXFileReference; lastKnownFileType = sourcecode.swift; path = "Bundle+Version.swift"; sourceTree = "<group>"; };
		08E19EEE29DE19F80081AB4E /* Chorder.app */ = {isa = PBXFileReference; explicitFileType = wrapper.application; includeInIndex = 0; path = "Chorder.app"; sourceTree = BUILT_PRODUCTS_DIR; };
		08E19EF129DE19F80081AB4E /* AppDelegate.swift */ = {isa = PBXFileReference; lastKnownFileType = sourcecode.swift; path = AppDelegate.swift; sourceTree = "<group>"; };
		08E19EF529DE19F90081AB4E /* Assets.xcassets */ = {isa = PBXFileReference; lastKnownFileType = folder.assetcatalog; path = Assets.xcassets; sourceTree = "<group>"; };
		08E19EF829DE19F90081AB4E /* Base */ = {isa = PBXFileReference; lastKnownFileType = file.storyboard; name = Base; path = Base.lproj/Main.storyboard; sourceTree = "<group>"; };
		08E19EFA29DE19F90081AB4E /* Chorder.entitlements */ = {isa = PBXFileReference; lastKnownFileType = text.plist.entitlements; path = Chorder.entitlements; sourceTree = "<group>"; };
		08REL0129DE19F90081AB4E /* Chorder-Release.entitlements */ = {isa = PBXFileReference; lastKnownFileType = text.plist.entitlements; path = "Chorder-Release.entitlements"; sourceTree = "<group>"; };
		08E19EFF29DE19F90081AB4E /* ChorderTests.xctest */ = {isa = PBXFileReference; explicitFileType = wrapper.cfbundle; includeInIndex = 0; path = "ChorderTests.xctest"; sourceTree = BUILT_PRODUCTS_DIR; };
		08E19F0329DE19F90081AB4E /* ChorderTests.swift */ = {isa = PBXFileReference; lastKnownFileType = sourcecode.swift; path = ChorderTests.swift; sourceTree = "<group>"; };
		08E19F0929DE19F90081AB4E /* ChorderUITests.xctest */ = {isa = PBXFileReference; explicitFileType = wrapper.cfbundle; includeInIndex = 0; path = "ChorderUITests.xctest"; sourceTree = BUILT_PRODUCTS_DIR; };
		08E19F0D29DE19F90081AB4E /* ChorderUITests.swift */ = {isa = PBXFileReference; lastKnownFileType = sourcecode.swift; path = ChorderUITests.swift; sourceTree = "<group>"; };
		08E19F0F29DE19F90081AB4E /* ChorderUITestsLaunchTests.swift */ = {isa = PBXFileReference; lastKnownFileType = sourcecode.swift; path = ChorderUITestsLaunchTests.swift; sourceTree = "<group>"; };
		08E19F2029DE1A950081AB4E /* Chord.swift */ = {isa = PBXFileReference; lastKnownFileType = sourcecode.swift; path = Chord.swift; sourceTree = "<group>"; };
		08E19F2329DE1CAD0081AB4E /* Settings.swift */ = {isa = PBXFileReference; lastKnownFileType = sourcecode.swift; path = Settings.swift; sourceTree = "<group>"; };
		08E19F2729DF11FC0081AB4E /* AppModel.swift */ = {isa = PBXFileReference; lastKnownFileType = sourcecode.swift; path = AppModel.swift; sourceTree = "<group>"; };
		08EE66FF29E9584000F4A6E5 /* BookMarks.swift */ = {isa = PBXFileReference; lastKnownFileType = sourcecode.swift; path = BookMarks.swift; sourceTree = "<group>"; };
		A1B2C3D32DA6B2D200B360A1 /* OutputPlaceholderExpansion.swift */ = {isa = PBXFileReference; lastKnownFileType = sourcecode.swift; path = OutputPlaceholderExpansion.swift; sourceTree = "<group>"; };
		B2C3D4E52DA6B2D200B360A2 /* MachineIdentifier.swift */ = {isa = PBXFileReference; lastKnownFileType = sourcecode.swift; path = MachineIdentifier.swift; sourceTree = "<group>"; };
		C3D4E5F62DA6B2D200B360A3 /* ChordUsageStats.swift */ = {isa = PBXFileReference; lastKnownFileType = sourcecode.swift; path = ChordUsageStats.swift; sourceTree = "<group>"; };
		D4E5F672DA6B2D200B360A4 /* SettingsMigration.swift */ = {isa = PBXFileReference; lastKnownFileType = sourcecode.swift; path = SettingsMigration.swift; sourceTree = "<group>"; };
		E5F697A72DA6B2D200B360A5 /* ChordDetectionState.swift */ = {isa = PBXFileReference; lastKnownFileType = sourcecode.swift; path = ChordDetectionState.swift; sourceTree = "<group>"; };
		F1A2B3C5042DA6B2D200B360A6 /* PermissionCoordinator.swift */ = {isa = PBXFileReference; lastKnownFileType = sourcecode.swift; path = PermissionCoordinator.swift; sourceTree = "<group>"; };
		F1A2B3C5062DA6B2D200B360A6 /* TextReplacer.swift */ = {isa = PBXFileReference; lastKnownFileType = sourcecode.swift; path = TextReplacer.swift; sourceTree = "<group>"; };
		A2B3C4D7092DA6B2D200B360A9 /* AccessibilityReplacementVerification.swift */ = {isa = PBXFileReference; lastKnownFileType = sourcecode.swift; path = AccessibilityReplacementVerification.swift; sourceTree = "<group>"; };
		H3C4D5E7032DA6B2D200B360A8 /* KeyboardInputEngine.swift */ = {isa = PBXFileReference; lastKnownFileType = sourcecode.swift; path = KeyboardInputEngine.swift; sourceTree = "<group>"; };
		G2B3C4D6062DA6B2D200B360A7 /* AppDelegate+StatusBar.swift */ = {isa = PBXFileReference; lastKnownFileType = sourcecode.swift; path = "AppDelegate+StatusBar.swift"; sourceTree = "<group>"; };
		PRCA00022DA6B2D200B360B1 /* ChordPracticeSelection.swift */ = {isa = PBXFileReference; lastKnownFileType = sourcecode.swift; path = ChordPracticeSelection.swift; sourceTree = "<group>"; };
		PRCA00042DA6B2D200B360B1 /* PracticeView.swift */ = {isa = PBXFileReference; lastKnownFileType = sourcecode.swift; path = PracticeView.swift; sourceTree = "<group>"; };
		PRCA00062DA6B2D200B360B1 /* PracticeChordMonitor.swift */ = {isa = PBXFileReference; lastKnownFileType = sourcecode.swift; path = PracticeChordMonitor.swift; sourceTree = "<group>"; };
		STCA00042DA6B2D200B360B1 /* StatsView.swift */ = {isa = PBXFileReference; lastKnownFileType = sourcecode.swift; path = StatsView.swift; sourceTree = "<group>"; };
		TPLN000229DE19F90081AB4E /* AllTests.xctestplan */ = {isa = PBXFileReference; lastKnownFileType = text; path = AllTests.xctestplan; sourceTree = "<group>"; };
		TPLN000129DE19F90081AB4E /* UnitTests.xctestplan */ = {isa = PBXFileReference; lastKnownFileType = text; path = UnitTests.xctestplan; sourceTree = "<group>"; };
		IMKCHORDUI01 /* Chord+UI.swift */ = {isa = PBXFileReference; lastKnownFileType = sourcecode.swift; path = "Chord+UI.swift"; sourceTree = "<group>"; };
		IMKLEGTO01 /* LegacyTextOutputter.swift */ = {isa = PBXFileReference; lastKnownFileType = sourcecode.swift; path = LegacyTextOutputter.swift; sourceTree = "<group>"; };
		IMKREG01 /* AppSettingsChordRegistry.swift */ = {isa = PBXFileReference; lastKnownFileType = sourcecode.swift; path = AppSettingsChordRegistry.swift; sourceTree = "<group>"; };
		IMKINST01 /* InputMethodInstaller.swift */ = {isa = PBXFileReference; lastKnownFileType = sourcecode.swift; path = InputMethodInstaller.swift; sourceTree = "<group>"; };
		IMKNOTIF01 /* Notifications.swift */ = {isa = PBXFileReference; lastKnownFileType = sourcecode.swift; path = Notifications.swift; sourceTree = "<group>"; };
		IMKMAIN01 /* main.swift */ = {isa = PBXFileReference; lastKnownFileType = sourcecode.swift; path = main.swift; sourceTree = "<group>"; };
		IMKCTRL01 /* ChorderInputController.swift */ = {isa = PBXFileReference; lastKnownFileType = sourcecode.swift; path = ChorderInputController.swift; sourceTree = "<group>"; };
		IMKINS01 /* IMKTextInserter.swift */ = {isa = PBXFileReference; lastKnownFileType = sourcecode.swift; path = IMKTextInserter.swift; sourceTree = "<group>"; };
		IMKSESS01 /* IMKChordSession.swift */ = {isa = PBXFileReference; lastKnownFileType = sourcecode.swift; path = IMKChordSession.swift; sourceTree = "<group>"; };
		IMKSHREG01 /* SharedSettingsChordRegistry.swift */ = {isa = PBXFileReference; lastKnownFileType = sourcecode.swift; path = SharedSettingsChordRegistry.swift; sourceTree = "<group>"; };
		DF1BC248AA9942E3AACB5C6D /* InputMethodKit.framework */ = {isa = PBXFileReference; lastKnownFileType = wrapper.framework; name = InputMethodKit.framework; path = System/Library/Frameworks/InputMethodKit.framework; sourceTree = SDKROOT; };
		IMKPLIST01 /* ChorderInputMethod-Info.plist */ = {isa = PBXFileReference; lastKnownFileType = text.plist.xml; path = "ChorderInputMethod-Info.plist"; sourceTree = "<group>"; };
		IMKENT01 /* ChorderInputMethod.entitlements */ = {isa = PBXFileReference; lastKnownFileType = text.plist.entitlements; path = ChorderInputMethod.entitlements; sourceTree = "<group>"; };
		6D9353EBDC554ECAAB6FE504 /* ChorderInputMethod.app */ = {isa = PBXFileReference; explicitFileType = wrapper.application; includeInIndex = 0; path = ChorderInputMethod.app; sourceTree = BUILT_PRODUCTS_DIR; };
		IMKICON01 /* ChorderIcon.png */ = {isa = PBXFileReference; lastKnownFileType = image.png; path = ChorderIcon.png; sourceTree = "<group>"; };
		IMKICON04 /* ChorderIcon.tiff */ = {isa = PBXFileReference; lastKnownFileType = image.tiff; path = ChorderIcon.tiff; sourceTree = "<group>"; };
		IMKSTR01 /* InfoPlist.strings */ = {isa = PBXFileReference; lastKnownFileType = text.plist.strings; path = InfoPlist.strings; sourceTree = "<group>"; };
/* End PBXFileReference section */

/* Begin PBXFrameworksBuildPhase section */
		08E19EEB29DE19F80081AB4E /* Frameworks */ = {
			isa = PBXFrameworksBuildPhase;
			buildActionMask = 2147483647;
			files = (
				7808C0CC3FAC44C7BB47FD23 /* ChorderCore in Frameworks */,
				0898B41B2BE16DBA0087D747 /* LaunchAtLogin in Frameworks */,
			);
			runOnlyForDeploymentPostprocessing = 0;
		};
		08E19EFC29DE19F90081AB4E /* Frameworks */ = {
			isa = PBXFrameworksBuildPhase;
			buildActionMask = 2147483647;
			files = (
				7DE95F9292FE4466B8161D5E /* ChorderCore in Frameworks */,
			);
			runOnlyForDeploymentPostprocessing = 0;
		};
		08E19F0629DE19F90081AB4E /* Frameworks */ = {
			isa = PBXFrameworksBuildPhase;
			buildActionMask = 2147483647;
			files = (
			);
			runOnlyForDeploymentPostprocessing = 0;
		};
/* End PBXFrameworksBuildPhase section */

/* Begin PBXGroup section */
		081B0B0729E4314C0052A0BD /* Constants */ = {
			isa = PBXGroup;
			children = (
				081B0B0829E431550052A0BD /* Constants.swift */,
			);
			path = Constants;
			sourceTree = "<group>";
		};
		08E19EE529DE19F80081AB4E = {
			isa = PBXGroup;
			children = (
				IMKGRP01 /* ChorderInputMethod */,
				PKGGRP01 /* ChorderCore */,
				08E19EF029DE19F80081AB4E /* Chorder */,
				08E19F0229DE19F90081AB4E /* ChorderTests */,
				08E19F0C29DE19F90081AB4E /* ChorderUITests */,
				TPLN000029DE19F90081AB4E /* TestPlans */,
				08E19EEF29DE19F80081AB4E /* Products */,
			);
			sourceTree = "<group>";
		};
		08E19EEF29DE19F80081AB4E /* Products */ = {
			isa = PBXGroup;
			children = (
				08E19EEE29DE19F80081AB4E /* Chorder.app */,
				6D9353EBDC554ECAAB6FE504 /* ChorderInputMethod.app */,
				08E19EFF29DE19F90081AB4E /* ChorderTests.xctest */,
				08E19F0929DE19F90081AB4E /* ChorderUITests.xctest */,
			);
			name = Products;
			sourceTree = "<group>";
		};
		08E19EF029DE19F80081AB4E /* Chorder */ = {
			isa = PBXGroup;
			children = (
				082708E92E4760AA0015A4F4 /* Chorder-Info.plist */,
				081B0B0729E4314C0052A0BD /* Constants */,
				F1A2B3C5132DA6B2D200B360A6 /* Services */,
				08E19F2229DE1C910081AB4E /* Views */,
				08E19F1D29DE1A760081AB4E /* Models */,
				08REF02329F0000100A1B2C /* Utils */,
				08E19F1C29DE1A3C0081AB4E /* Trunk */,
				08E19EF129DE19F80081AB4E /* AppDelegate.swift */,
				G2B3C4D6062DA6B2D200B360A7 /* AppDelegate+StatusBar.swift */,
				08E19EF529DE19F90081AB4E /* Assets.xcassets */,
			);
			path = "Chorder";
			sourceTree = "<group>";
		};
		F1A2B3C5132DA6B2D200B360A6 /* Services */ = {
			isa = PBXGroup;
			children = (
				F1A2B3C5042DA6B2D200B360A6 /* PermissionCoordinator.swift */,
				H3C4D5E7032DA6B2D200B360A8 /* KeyboardInputEngine.swift */,
				F1A2B3C5062DA6B2D200B360A6 /* TextReplacer.swift */,
				A2B3C4D7092DA6B2D200B360A9 /* AccessibilityReplacementVerification.swift */,
				PRCA00062DA6B2D200B360B1 /* PracticeChordMonitor.swift */,
				IMKLEGTO01 /* LegacyTextOutputter.swift */,
				IMKREG01 /* AppSettingsChordRegistry.swift */,
				IMKINST01 /* InputMethodInstaller.swift */,
			);
			path = Services;
			sourceTree = "<group>";
		};
		08E19F0229DE19F90081AB4E /* ChorderTests */ = {
			isa = PBXGroup;
			children = (
				08E19F0329DE19F90081AB4E /* ChorderTests.swift */,
			);
			path = "ChorderTests";
			sourceTree = "<group>";
		};
		08E19F0C29DE19F90081AB4E /* ChorderUITests */ = {
			isa = PBXGroup;
			children = (
				08E19F0D29DE19F90081AB4E /* ChorderUITests.swift */,
				08E19F0F29DE19F90081AB4E /* ChorderUITestsLaunchTests.swift */,
			);
			path = "ChorderUITests";
			sourceTree = "<group>";
		};
		08E19F1C29DE1A3C0081AB4E /* Trunk */ = {
			isa = PBXGroup;
			children = (
				08E19EF729DE19F90081AB4E /* Main.storyboard */,
				08E19EFA29DE19F90081AB4E /* Chorder.entitlements */,
				08REL0129DE19F90081AB4E /* Chorder-Release.entitlements */,
			);
			path = Trunk;
			sourceTree = "<group>";
		};
		08REF02329F0000100A1B2C /* Utils */ = {
			isa = PBXGroup;
			children = (
				08REF01329F0000100A1B2C /* Bundle+Version.swift */,
			);
			path = Utils;
			sourceTree = "<group>";
		};
		08E19F1D29DE1A760081AB4E /* Models */ = {
			isa = PBXGroup;
			children = (
				0881F2C22DA6772600EE61A1 /* Debug.swift */,
				086E69CB2DA5B2D200B360A1 /* AppSettings.swift */,
								IMKCHORDUI01 /* Chord+UI.swift */,
				IMKNOTIF01 /* Notifications.swift */,
				08E19F2729DF11FC0081AB4E /* AppModel.swift */,
				08EE66FF29E9584000F4A6E5 /* BookMarks.swift */,
				B2C3D4E52DA6B2D200B360A2 /* MachineIdentifier.swift */,
				C3D4E5F62DA6B2D200B360A3 /* ChordUsageStats.swift */,
				D4E5F672DA6B2D200B360A4 /* SettingsMigration.swift */,
				PRCA00022DA6B2D200B360B1 /* ChordPracticeSelection.swift */,
			);
			path = Models;
			sourceTree = "<group>";
		};
		08E19F2229DE1C910081AB4E /* Views */ = {
			isa = PBXGroup;
			children = (
				08E19F2329DE1CAD0081AB4E /* Settings.swift */,
				PRCA00042DA6B2D200B360B1 /* PracticeView.swift */,
				STCA00042DA6B2D200B360B1 /* StatsView.swift */,
			);
			path = Views;
			sourceTree = "<group>";
		};
		TPLN000029DE19F90081AB4E /* TestPlans */ = {
			isa = PBXGroup;
			children = (
				TPLN000129DE19F90081AB4E /* UnitTests.xctestplan */,
				TPLN000229DE19F90081AB4E /* AllTests.xctestplan */,
			);
			path = TestPlans;
			sourceTree = "<group>";
		};
		PKGGRP01 /* ChorderCore */ = {
			isa = PBXGroup;
			children = (
			);
			name = ChorderCore;
			path = ChorderCore;
			sourceTree = "<group>";
		};
		IMKGRP01 /* ChorderInputMethod */ = {
			isa = PBXGroup;
			children = (
				IMKMAIN01 /* main.swift */,
				IMKCTRL01 /* ChorderInputController.swift */,
				IMKINS01 /* IMKTextInserter.swift */,
				IMKSESS01 /* IMKChordSession.swift */,
				IMKSHREG01 /* SharedSettingsChordRegistry.swift */,
				IMKPLIST01 /* ChorderInputMethod-Info.plist */,
				IMKENT01 /* ChorderInputMethod.entitlements */,
				IMKRESGRP01 /* Resources */,
				IMKL10NGRP01 /* en.lproj */,
			);
			path = ChorderInputMethod;
			sourceTree = "<group>";
		};
		IMKRESGRP01 /* Resources */ = {
			isa = PBXGroup;
			children = (
				IMKICON01 /* ChorderIcon.png */,
				IMKICON04 /* ChorderIcon.tiff */,
			);
			path = Resources;
			sourceTree = "<group>";
		};
		IMKL10NGRP01 /* en.lproj */ = {
			isa = PBXGroup;
			children = (
				IMKSTR01 /* InfoPlist.strings */,
			);
			path = en.lproj;
			sourceTree = "<group>";
		};
/* End PBXGroup section */

/* Begin PBXNativeTarget section */
		08E19EED29DE19F80081AB4E /* Chorder */ = {
			isa = PBXNativeTarget;
			buildConfigurationList = 08E19F1329DE19F90081AB4E /* Build configuration list for PBXNativeTarget "Chorder" */;
			buildPhases = (
				08E19EEA29DE19F80081AB4E /* Sources */,
				08E19EEB29DE19F80081AB4E /* Frameworks */,
				08E19EEC29DE19F80081AB4E /* Resources */,
				64471C73559342099CB2A133 /* Copy Files */,
			);
			buildRules = (
			);
			dependencies = (
				EFC621EBCED44F6284D26265 /* PBXTargetDependency */,
			);
			name = "Chorder";
			packageProductDependencies = (
				FE55E07000D54760A95117B2 /* ChorderCore */,
				0898B41A2BE16DBA0087D747 /* LaunchAtLogin */,
			);
			productName = "Chorder";
			productReference = 08E19EEE29DE19F80081AB4E /* Chorder.app */;
			productType = "com.apple.product-type.application";
		};
		08E19EFE29DE19F90081AB4E /* ChorderTests */ = {
			isa = PBXNativeTarget;
			buildConfigurationList = 08E19F1629DE19F90081AB4E /* Build configuration list for PBXNativeTarget "ChorderTests" */;
			buildPhases = (
				08E19EFB29DE19F90081AB4E /* Sources */,
				08E19EFC29DE19F90081AB4E /* Frameworks */,
				08E19EFD29DE19F90081AB4E /* Resources */,
			);
			buildRules = (
			);
			dependencies = (
				08E19F0129DE19F90081AB4E /* PBXTargetDependency */,
			);
			name = "ChorderTests";
			packageProductDependencies = (
				ED15EA9C89114620B96949F9 /* ChorderCore */,
			);
			productName = "ChorderTests";
			productReference = 08E19EFF29DE19F90081AB4E /* ChorderTests.xctest */;
			productType = "com.apple.product-type.bundle.unit-test";
		};
		08E19F0829DE19F90081AB4E /* ChorderUITests */ = {
			isa = PBXNativeTarget;
			buildConfigurationList = 08E19F1929DE19F90081AB4E /* Build configuration list for PBXNativeTarget "ChorderUITests" */;
			buildPhases = (
				08E19F0529DE19F90081AB4E /* Sources */,
				08E19F0629DE19F90081AB4E /* Frameworks */,
				08E19F0729DE19F90081AB4E /* Resources */,
			);
			buildRules = (
			);
			dependencies = (
				08E19F0B29DE19F90081AB4E /* PBXTargetDependency */,
			);
			name = "ChorderUITests";
			productName = "ChorderUITests";
			productReference = 08E19F0929DE19F90081AB4E /* ChorderUITests.xctest */;
			productType = "com.apple.product-type.bundle.ui-testing";
		};
		B483BC58668845F9894CC328 /* ChorderInputMethod */ = {
			isa = PBXNativeTarget;
			buildConfigurationList = FB5E2F7BF416462BA1C2D363 /* Build configuration list for PBXNativeTarget "ChorderInputMethod" */;
			buildPhases = (
				1C6F0BE5A58045B98F13B5D0 /* Sources */,
				56D4CD1D68494D058F8AB9C9 /* Frameworks */,
				30E566A6B37F44259312073F /* Resources */,
			);
			buildRules = (
			);
			dependencies = (
			);
			name = ChorderInputMethod;
			packageProductDependencies = (
				329EC5CBDAD147039B55B8E5 /* ChorderCore */,
			);
			productName = ChorderInputMethod;
			productReference = 6D9353EBDC554ECAAB6FE504 /* ChorderInputMethod.app */;
			productType = "com.apple.product-type.application";
		};
/* End PBXNativeTarget section */

/* Begin PBXProject section */
		08E19EE629DE19F80081AB4E /* Project object */ = {
			isa = PBXProject;
			attributes = {
				BuildIndependentTargetsInParallel = 1;
				LastSwiftUpdateCheck = 1430;
				LastUpgradeCheck = 1430;
				TargetAttributes = {
					08E19EED29DE19F80081AB4E = {
						CreatedOnToolsVersion = 14.3;
					};
					08E19EFE29DE19F90081AB4E = {
						CreatedOnToolsVersion = 14.3;
						TestTargetID = 08E19EED29DE19F80081AB4E;
					};
					08E19F0829DE19F90081AB4E = {
						CreatedOnToolsVersion = 14.3;
						TestTargetID = 08E19EED29DE19F80081AB4E;
					};
				};
			};
			buildConfigurationList = 08E19EE929DE19F80081AB4E /* Build configuration list for PBXProject "Chorder" */;
			compatibilityVersion = "Xcode 14.0";
			developmentRegion = en;
			hasScannedForEncodings = 0;
			knownRegions = (
				en,
				Base,
			);
			mainGroup = 08E19EE529DE19F80081AB4E;
			packageReferences = (
				D834ED697BD9427283B0EA1E /* XCLocalSwiftPackageReference "ChorderCore" */,
				0898B4192BE16D140087D747 /* XCRemoteSwiftPackageReference "LaunchAtLogin-Modern" */,
			);
			productRefGroup = 08E19EEF29DE19F80081AB4E /* Products */;
			projectDirPath = "";
			projectRoot = "";
			targets = (
				08E19EED29DE19F80081AB4E /* Chorder */,
				B483BC58668845F9894CC328 /* ChorderInputMethod */,
				08E19EFE29DE19F90081AB4E /* ChorderTests */,
				08E19F0829DE19F90081AB4E /* ChorderUITests */,
			);
		};
/* End PBXProject section */

/* Begin PBXResourcesBuildPhase section */
		08E19EEC29DE19F80081AB4E /* Resources */ = {
			isa = PBXResourcesBuildPhase;
			buildActionMask = 2147483647;
			files = (
				08E19EF629DE19F90081AB4E /* Assets.xcassets in Resources */,
				08E19EF929DE19F90081AB4E /* Main.storyboard in Resources */,
			);
			runOnlyForDeploymentPostprocessing = 0;
		};
		08E19EFD29DE19F90081AB4E /* Resources */ = {
			isa = PBXResourcesBuildPhase;
			buildActionMask = 2147483647;
			files = (
			);
			runOnlyForDeploymentPostprocessing = 0;
		};
		08E19F0729DE19F90081AB4E /* Resources */ = {
			isa = PBXResourcesBuildPhase;
			buildActionMask = 2147483647;
			files = (
			);
			runOnlyForDeploymentPostprocessing = 0;
		};
		64471C73559342099CB2A133 /* Copy Files */ = {
			isa = PBXCopyFilesBuildPhase;
			buildActionMask = 2147483647;
			dstPath = "Contents/Library/Input Methods";
			dstSubfolderSpec = 1;
			files = (
				E83AE6D567AB4C13B1C2F755 /* ChorderInputMethod.app in Copy Files */,
			);
			runOnlyForDeploymentPostprocessing = 0;
		};
		1C6F0BE5A58045B98F13B5D0 /* Sources */ = {
			isa = PBXSourcesBuildPhase;
			buildActionMask = 2147483647;
			files = (
				IMKMAIN02 /* main.swift in Sources */,
				IMKCTRL02 /* ChorderInputController.swift in Sources */,
				IMKINS02 /* IMKTextInserter.swift in Sources */,
				IMKSESS02 /* IMKChordSession.swift in Sources */,
				IMKSHREG02 /* SharedSettingsChordRegistry.swift in Sources */,
			);
			runOnlyForDeploymentPostprocessing = 0;
		};
		56D4CD1D68494D058F8AB9C9 /* Frameworks */ = {
			isa = PBXFrameworksBuildPhase;
			buildActionMask = 2147483647;
			files = (
				58114FF6483847BB8FE49980 /* ChorderCore in Frameworks */,
				B15B9CBD925348FA9750EB55 /* InputMethodKit.framework in Frameworks */,
			);
			runOnlyForDeploymentPostprocessing = 0;
		};
		30E566A6B37F44259312073F /* Resources */ = {
			isa = PBXResourcesBuildPhase;
			buildActionMask = 2147483647;
			files = (
				IMKICON02 /* ChorderIcon.png in Resources */,
				IMKICON03 /* ChorderIcon.tiff in Resources */,
				IMKSTR02 /* InfoPlist.strings in Resources */,
			);
			runOnlyForDeploymentPostprocessing = 0;
		};
/* End PBXResourcesBuildPhase section */

/* Begin PBXSourcesBuildPhase section */
		08E19EEA29DE19F80081AB4E /* Sources */ = {
			isa = PBXSourcesBuildPhase;
			buildActionMask = 2147483647;
			files = (
				08E19F2829DF11FC0081AB4E /* AppModel.swift in Sources */,
				0881F2C32DA6772900EE61A1 /* Debug.swift in Sources */,
				08REF00329F0000100A1B2C /* Bundle+Version.swift in Sources */,
				08E19EF229DE19F80081AB4E /* AppDelegate.swift in Sources */,
				08EE670029E9584000F4A6E5 /* BookMarks.swift in Sources */,
				08E19F2429DE1CAD0081AB4E /* Settings.swift in Sources */,
				086E69CC2DA5B2D200B360A1 /* AppSettings.swift in Sources */,
				081B0B0929E431550052A0BD /* Constants.swift in Sources */,
				B2C3D4E62DA6B2D200B360A2 /* MachineIdentifier.swift in Sources */,
				C3D4E5F72DA6B2D200B360A3 /* ChordUsageStats.swift in Sources */,
				D4E5F682DA6B2D200B360A4 /* SettingsMigration.swift in Sources */,
				F1A2B3C5032DA6B2D200B360A6 /* PermissionCoordinator.swift in Sources */,
				F1A2B3C5052DA6B2D200B360A6 /* TextReplacer.swift in Sources */,
				A2B3C4D7082DA6B2D200B360A9 /* AccessibilityReplacementVerification.swift in Sources */,
				H3C4D5E7022DA6B2D200B360A8 /* KeyboardInputEngine.swift in Sources */,
				G2B3C4D6052DA6B2D200B360A7 /* AppDelegate+StatusBar.swift in Sources */,
				PRCA00012DA6B2D200B360B1 /* ChordPracticeSelection.swift in Sources */,
				PRCA00032DA6B2D200B360B1 /* PracticeView.swift in Sources */,
				PRCA00052DA6B2D200B360B1 /* PracticeChordMonitor.swift in Sources */,
				STCA00032DA6B2D200B360B1 /* StatsView.swift in Sources */,
				IMKCHORDUI02 /* Chord+UI.swift in Sources */,
				IMKLEGTO02 /* LegacyTextOutputter.swift in Sources */,
				IMKREG02 /* AppSettingsChordRegistry.swift in Sources */,
				IMKINST02 /* InputMethodInstaller.swift in Sources */,
				IMKNOTIF02 /* Notifications.swift in Sources */,
			);
			runOnlyForDeploymentPostprocessing = 0;
		};
		08E19EFB29DE19F90081AB4E /* Sources */ = {
			isa = PBXSourcesBuildPhase;
			buildActionMask = 2147483647;
			files = (
				08E19F0429DE19F90081AB4E /* ChorderTests.swift in Sources */,
			);
			runOnlyForDeploymentPostprocessing = 0;
		};
		08E19F0529DE19F90081AB4E /* Sources */ = {
			isa = PBXSourcesBuildPhase;
			buildActionMask = 2147483647;
			files = (
				08E19F1029DE19F90081AB4E /* ChorderUITestsLaunchTests.swift in Sources */,
				08E19F0E29DE19F90081AB4E /* ChorderUITests.swift in Sources */,
			);
			runOnlyForDeploymentPostprocessing = 0;
		};
/* End PBXSourcesBuildPhase section */

/* Begin PBXTargetDependency section */
		08E19F0129DE19F90081AB4E /* PBXTargetDependency */ = {
			isa = PBXTargetDependency;
			target = 08E19EED29DE19F80081AB4E /* Chorder */;
			targetProxy = 08E19F0029DE19F90081AB4E /* PBXContainerItemProxy */;
		};
		08E19F0B29DE19F90081AB4E /* PBXTargetDependency */ = {
			isa = PBXTargetDependency;
			target = 08E19EED29DE19F80081AB4E /* Chorder */;
			targetProxy = 08E19F0A29DE19F90081AB4E /* PBXContainerItemProxy */;
		};
		EFC621EBCED44F6284D26265 /* PBXTargetDependency */ = {
			isa = PBXTargetDependency;
			target = B483BC58668845F9894CC328 /* ChorderInputMethod */;
			targetProxy = 8A97599C51994ACDB4B07CA5 /* PBXContainerItemProxy */;
		};
/* End PBXTargetDependency section */

/* Begin PBXVariantGroup section */
		08E19EF729DE19F90081AB4E /* Main.storyboard */ = {
			isa = PBXVariantGroup;
			children = (
				08E19EF829DE19F90081AB4E /* Base */,
			);
			name = Main.storyboard;
			sourceTree = "<group>";
		};
/* End PBXVariantGroup section */

/* Begin XCBuildConfiguration section */
		08E19F1129DE19F90081AB4E /* Debug */ = {
			isa = XCBuildConfiguration;
			buildSettings = {
				ALWAYS_SEARCH_USER_PATHS = NO;
				CLANG_ANALYZER_NONNULL = YES;
				CLANG_ANALYZER_NUMBER_OBJECT_CONVERSION = YES_AGGRESSIVE;
				CLANG_CXX_LANGUAGE_STANDARD = "gnu++20";
				CLANG_ENABLE_MODULES = YES;
				CLANG_ENABLE_OBJC_ARC = YES;
				CLANG_ENABLE_OBJC_WEAK = YES;
				CLANG_WARN_BLOCK_CAPTURE_AUTORELEASING = YES;
				CLANG_WARN_BOOL_CONVERSION = YES;
				CLANG_WARN_COMMA = YES;
				CLANG_WARN_CONSTANT_CONVERSION = YES;
				CLANG_WARN_DEPRECATED_OBJC_IMPLEMENTATIONS = YES;
				CLANG_WARN_DIRECT_OBJC_ISA_USAGE = YES_ERROR;
				CLANG_WARN_DOCUMENTATION_COMMENTS = YES;
				CLANG_WARN_EMPTY_BODY = YES;
				CLANG_WARN_ENUM_CONVERSION = YES;
				CLANG_WARN_INFINITE_RECURSION = YES;
				CLANG_WARN_INT_CONVERSION = YES;
				CLANG_WARN_NON_LITERAL_NULL_CONVERSION = YES;
				CLANG_WARN_OBJC_IMPLICIT_RETAIN_SELF = YES;
				CLANG_WARN_OBJC_LITERAL_CONVERSION = YES;
				CLANG_WARN_OBJC_ROOT_CLASS = YES_ERROR;
				CLANG_WARN_QUOTED_INCLUDE_IN_FRAMEWORK_HEADER = YES;
				CLANG_WARN_RANGE_LOOP_ANALYSIS = YES;
				CLANG_WARN_STRICT_PROTOTYPES = YES;
				CLANG_WARN_SUSPICIOUS_MOVE = YES;
				CLANG_WARN_UNGUARDED_AVAILABILITY = YES_AGGRESSIVE;
				CLANG_WARN_UNREACHABLE_CODE = YES;
				CLANG_WARN__DUPLICATE_METHOD_MATCH = YES;
				COPY_PHASE_STRIP = NO;
				DEBUG_INFORMATION_FORMAT = dwarf;
				ENABLE_STRICT_OBJC_MSGSEND = YES;
				ENABLE_TESTABILITY = YES;
				GCC_C_LANGUAGE_STANDARD = gnu11;
				GCC_DYNAMIC_NO_PIC = NO;
				GCC_NO_COMMON_BLOCKS = YES;
				GCC_OPTIMIZATION_LEVEL = 0;
				GCC_PREPROCESSOR_DEFINITIONS = (
					"DEBUG=1",
					"$(inherited)",
				);
				GCC_WARN_64_TO_32_BIT_CONVERSION = YES;
				GCC_WARN_ABOUT_RETURN_TYPE = YES_ERROR;
				GCC_WARN_UNDECLARED_SELECTOR = YES;
				GCC_WARN_UNINITIALIZED_AUTOS = YES_AGGRESSIVE;
				GCC_WARN_UNUSED_FUNCTION = YES;
				GCC_WARN_UNUSED_VARIABLE = YES;
				MACOSX_DEPLOYMENT_TARGET = 13.3;
				MTL_ENABLE_DEBUG_INFO = INCLUDE_SOURCE;
				MTL_FAST_MATH = YES;
				ONLY_ACTIVE_ARCH = YES;
				SDKROOT = macosx;
				SWIFT_ACTIVE_COMPILATION_CONDITIONS = DEBUG;
				SWIFT_OPTIMIZATION_LEVEL = "-Onone";
			};
			name = Debug;
		};
		08E19F1229DE19F90081AB4E /* Release */ = {
			isa = XCBuildConfiguration;
			buildSettings = {
				ALWAYS_SEARCH_USER_PATHS = NO;
				CLANG_ANALYZER_NONNULL = YES;
				CLANG_ANALYZER_NUMBER_OBJECT_CONVERSION = YES_AGGRESSIVE;
				CLANG_CXX_LANGUAGE_STANDARD = "gnu++20";
				CLANG_ENABLE_MODULES = YES;
				CLANG_ENABLE_OBJC_ARC = YES;
				CLANG_ENABLE_OBJC_WEAK = YES;
				CLANG_WARN_BLOCK_CAPTURE_AUTORELEASING = YES;
				CLANG_WARN_BOOL_CONVERSION = YES;
				CLANG_WARN_COMMA = YES;
				CLANG_WARN_CONSTANT_CONVERSION = YES;
				CLANG_WARN_DEPRECATED_OBJC_IMPLEMENTATIONS = YES;
				CLANG_WARN_DIRECT_OBJC_ISA_USAGE = YES_ERROR;
				CLANG_WARN_DOCUMENTATION_COMMENTS = YES;
				CLANG_WARN_EMPTY_BODY = YES;
				CLANG_WARN_ENUM_CONVERSION = YES;
				CLANG_WARN_INFINITE_RECURSION = YES;
				CLANG_WARN_INT_CONVERSION = YES;
				CLANG_WARN_NON_LITERAL_NULL_CONVERSION = YES;
				CLANG_WARN_OBJC_IMPLICIT_RETAIN_SELF = YES;
				CLANG_WARN_OBJC_LITERAL_CONVERSION = YES;
				CLANG_WARN_OBJC_ROOT_CLASS = YES_ERROR;
				CLANG_WARN_QUOTED_INCLUDE_IN_FRAMEWORK_HEADER = YES;
				CLANG_WARN_RANGE_LOOP_ANALYSIS = YES;
				CLANG_WARN_STRICT_PROTOTYPES = YES;
				CLANG_WARN_SUSPICIOUS_MOVE = YES;
				CLANG_WARN_UNGUARDED_AVAILABILITY = YES_AGGRESSIVE;
				CLANG_WARN_UNREACHABLE_CODE = YES;
				CLANG_WARN__DUPLICATE_METHOD_MATCH = YES;
				COPY_PHASE_STRIP = NO;
				DEBUG_INFORMATION_FORMAT = "dwarf-with-dsym";
				ENABLE_NS_ASSERTIONS = NO;
				ENABLE_STRICT_OBJC_MSGSEND = YES;
				GCC_C_LANGUAGE_STANDARD = gnu11;
				GCC_NO_COMMON_BLOCKS = YES;
				GCC_WARN_64_TO_32_BIT_CONVERSION = YES;
				GCC_WARN_ABOUT_RETURN_TYPE = YES_ERROR;
				GCC_WARN_UNDECLARED_SELECTOR = YES;
				GCC_WARN_UNINITIALIZED_AUTOS = YES_AGGRESSIVE;
				GCC_WARN_UNUSED_FUNCTION = YES;
				GCC_WARN_UNUSED_VARIABLE = YES;
				MACOSX_DEPLOYMENT_TARGET = 13.3;
				MTL_ENABLE_DEBUG_INFO = NO;
				MTL_FAST_MATH = YES;
				SDKROOT = macosx;
				SWIFT_COMPILATION_MODE = wholemodule;
				SWIFT_OPTIMIZATION_LEVEL = "-O";
			};
			name = Release;
		};
		08E19F1429DE19F90081AB4E /* Debug */ = {
			isa = XCBuildConfiguration;
			buildSettings = {
				ASSETCATALOG_COMPILER_APPICON_NAME = AppIcon;
				ASSETCATALOG_COMPILER_GLOBAL_ACCENT_COLOR_NAME = AccentColor;
				CODE_SIGN_ENTITLEMENTS = "Chorder/Trunk/Chorder.entitlements";
				"CODE_SIGN_IDENTITY[sdk=macosx*]" = "Apple Development";
				CODE_SIGN_STYLE = Automatic;
				COMBINE_HIDPI_IMAGES = YES;
				CURRENT_PROJECT_VERSION = 1;
				DEVELOPMENT_TEAM = F2NH4J9NYG;
				ENABLE_HARDENED_RUNTIME = YES;
				GENERATE_INFOPLIST_FILE = YES;
				INFOPLIST_FILE = "Chorder-Info.plist";
				INFOPLIST_KEY_CFBundleDisplayName = "Chorder (Local)";
				INFOPLIST_KEY_CFBundleName = "Chorder Local";
				INFOPLIST_KEY_LSApplicationCategoryType = "public.app-category.utilities";
				INFOPLIST_KEY_LSUIElement = YES;
				INFOPLIST_KEY_NSAccessibilityUsageDescription = "Chorder (Local) needs Accessibility permission to type chord output on your behalf.";
				INFOPLIST_KEY_NSHumanReadableCopyright = "";
				INFOPLIST_KEY_NSInputMonitoringUsageDescription = "Chorder (Local) needs Input Monitoring permission to detect chord key combinations.";
				INFOPLIST_KEY_NSMainStoryboardFile = Main;
				LD_RUNPATH_SEARCH_PATHS = (
					"$(inherited)",
					"@executable_path/../Frameworks",
				);
				MARKETING_VERSION = 1.0;
				PRODUCT_BUNDLE_IDENTIFIER = "uk.co.georgegillams.chorder.mac-os.local";
				PRODUCT_MODULE_NAME = Chorder;
				PRODUCT_NAME = "Chorder Local";
				PROVISIONING_PROFILE_SPECIFIER = "";
				SWIFT_EMIT_LOC_STRINGS = YES;
				SWIFT_VERSION = 5.0;
			};
			name = Debug;
		};
		08E19F1529DE19F90081AB4E /* Release */ = {
			isa = XCBuildConfiguration;
			buildSettings = {
				ASSETCATALOG_COMPILER_APPICON_NAME = AppIcon;
				ASSETCATALOG_COMPILER_GLOBAL_ACCENT_COLOR_NAME = AccentColor;
				CODE_SIGN_ENTITLEMENTS = "Chorder/Trunk/Chorder-Release.entitlements";
				"CODE_SIGN_IDENTITY[sdk=macosx*]" = "Apple Development";
				CODE_SIGN_STYLE = Automatic;
				COMBINE_HIDPI_IMAGES = YES;
				CURRENT_PROJECT_VERSION = 1;
				DEVELOPMENT_TEAM = F2NH4J9NYG;
				ENABLE_HARDENED_RUNTIME = YES;
				GENERATE_INFOPLIST_FILE = YES;
				INFOPLIST_FILE = "Chorder-Info.plist";
				INFOPLIST_KEY_LSApplicationCategoryType = "public.app-category.utilities";
				INFOPLIST_KEY_LSUIElement = YES;
				INFOPLIST_KEY_NSHumanReadableCopyright = "";
				INFOPLIST_KEY_NSMainStoryboardFile = Main;
				LD_RUNPATH_SEARCH_PATHS = (
					"$(inherited)",
					"@executable_path/../Frameworks",
				);
				MARKETING_VERSION = 1.0;
				PRODUCT_BUNDLE_IDENTIFIER = "uk.co.georgegillams.chorder.mac-os";
				PRODUCT_MODULE_NAME = Chorder;
				PRODUCT_NAME = "$(TARGET_NAME)";
				PROVISIONING_PROFILE_SPECIFIER = "";
				SWIFT_EMIT_LOC_STRINGS = YES;
				SWIFT_VERSION = 5.0;
			};
			name = Release;
		};
		08E19F1729DE19F90081AB4E /* Debug */ = {
			isa = XCBuildConfiguration;
			buildSettings = {
				ALWAYS_EMBED_SWIFT_STANDARD_LIBRARIES = YES;
				BUNDLE_LOADER = "$(TEST_HOST)";
				CODE_SIGN_STYLE = Automatic;
				CURRENT_PROJECT_VERSION = 1;
				DEVELOPMENT_TEAM = F2NH4J9NYG;
				GENERATE_INFOPLIST_FILE = YES;
				MACOSX_DEPLOYMENT_TARGET = 13.3;
				MARKETING_VERSION = 1.0;
				PRODUCT_BUNDLE_IDENTIFIER = "uk.co.georgegillams.chorder.ChorderTests";
				PRODUCT_NAME = "$(TARGET_NAME)";
				SWIFT_EMIT_LOC_STRINGS = NO;
				SWIFT_VERSION = 5.0;
				TEST_HOST = "$(BUILT_PRODUCTS_DIR)/Chorder Local.app/Contents/MacOS/Chorder Local";
			};
			name = Debug;
		};
		08E19F1829DE19F90081AB4E /* Release */ = {
			isa = XCBuildConfiguration;
			buildSettings = {
				ALWAYS_EMBED_SWIFT_STANDARD_LIBRARIES = YES;
				BUNDLE_LOADER = "$(TEST_HOST)";
				CODE_SIGN_STYLE = Automatic;
				CURRENT_PROJECT_VERSION = 1;
				DEVELOPMENT_TEAM = F2NH4J9NYG;
				GENERATE_INFOPLIST_FILE = YES;
				MACOSX_DEPLOYMENT_TARGET = 13.3;
				MARKETING_VERSION = 1.0;
				PRODUCT_BUNDLE_IDENTIFIER = "uk.co.georgegillams.chorder.ChorderTests";
				PRODUCT_NAME = "$(TARGET_NAME)";
				SWIFT_EMIT_LOC_STRINGS = NO;
				SWIFT_VERSION = 5.0;
				TEST_HOST = "$(BUILT_PRODUCTS_DIR)/Chorder.app/Contents/MacOS/Chorder";
			};
			name = Release;
		};
		08E19F1A29DE19F90081AB4E /* Debug */ = {
			isa = XCBuildConfiguration;
			buildSettings = {
				ALWAYS_EMBED_SWIFT_STANDARD_LIBRARIES = YES;
				CODE_SIGN_STYLE = Automatic;
				CURRENT_PROJECT_VERSION = 1;
				DEVELOPMENT_TEAM = F2NH4J9NYG;
				GENERATE_INFOPLIST_FILE = YES;
				MARKETING_VERSION = 1.0;
				PRODUCT_BUNDLE_IDENTIFIER = "uk.co.georgegillams.chorder.ChorderUITests";
				PRODUCT_NAME = "$(TARGET_NAME)";
				SWIFT_EMIT_LOC_STRINGS = NO;
				SWIFT_VERSION = 5.0;
				TEST_TARGET_NAME = "Chorder";
			};
			name = Debug;
		};
		08E19F1B29DE19F90081AB4E /* Release */ = {
			isa = XCBuildConfiguration;
			buildSettings = {
				ALWAYS_EMBED_SWIFT_STANDARD_LIBRARIES = YES;
				CODE_SIGN_STYLE = Automatic;
				CURRENT_PROJECT_VERSION = 1;
				DEVELOPMENT_TEAM = F2NH4J9NYG;
				GENERATE_INFOPLIST_FILE = YES;
				MARKETING_VERSION = 1.0;
				PRODUCT_BUNDLE_IDENTIFIER = "uk.co.georgegillams.chorder.ChorderUITests";
				PRODUCT_NAME = "$(TARGET_NAME)";
				SWIFT_EMIT_LOC_STRINGS = NO;
				SWIFT_VERSION = 5.0;
				TEST_TARGET_NAME = "Chorder";
			};
			name = Release;
		};
		0B608237E4C2462FA10DE41E /* Debug */ = {
			isa = XCBuildConfiguration;
			buildSettings = {
				CODE_SIGN_ENTITLEMENTS = ChorderInputMethod/ChorderInputMethod.entitlements;
				CODE_SIGN_STYLE = Automatic;
				COMBINE_HIDPI_IMAGES = YES;
				CURRENT_PROJECT_VERSION = 1;
				DEVELOPMENT_TEAM = F2NH4J9NYG;
				GENERATE_INFOPLIST_FILE = NO;
				INFOPLIST_FILE = ChorderInputMethod/ChorderInputMethod-Info.plist;
				LD_RUNPATH_SEARCH_PATHS = (
					"$(inherited)",
					"@executable_path/../Frameworks",
					"@executable_path/../../../../Frameworks",
				);
				MACOSX_DEPLOYMENT_TARGET = 13.3;
				MARKETING_VERSION = 1.0;
				PRODUCT_BUNDLE_IDENTIFIER = uk.co.georgegillams.inputmethod.chorder;
				PRODUCT_NAME = "$(TARGET_NAME)";
				SKIP_INSTALL = YES;
				SWIFT_VERSION = 5.0;
				WRAPPER_EXTENSION = app;

			};
			name = Debug;
		};
		78EDA8A967B244C0A4CE8998 /* Release */ = {
			isa = XCBuildConfiguration;
			buildSettings = {
				CODE_SIGN_ENTITLEMENTS = ChorderInputMethod/ChorderInputMethod.entitlements;
				CODE_SIGN_STYLE = Automatic;
				COMBINE_HIDPI_IMAGES = YES;
				CURRENT_PROJECT_VERSION = 1;
				DEVELOPMENT_TEAM = F2NH4J9NYG;
				GENERATE_INFOPLIST_FILE = NO;
				INFOPLIST_FILE = ChorderInputMethod/ChorderInputMethod-Info.plist;
				LD_RUNPATH_SEARCH_PATHS = (
					"$(inherited)",
					"@executable_path/../Frameworks",
					"@executable_path/../../../../Frameworks",
				);
				MACOSX_DEPLOYMENT_TARGET = 13.3;
				MARKETING_VERSION = 1.0;
				PRODUCT_BUNDLE_IDENTIFIER = uk.co.georgegillams.inputmethod.chorder;
				PRODUCT_NAME = "$(TARGET_NAME)";
				SKIP_INSTALL = YES;
				SWIFT_VERSION = 5.0;
				WRAPPER_EXTENSION = app;

			};
			name = Release;
		};
/* End XCBuildConfiguration section */

/* Begin XCConfigurationList section */
		08E19EE929DE19F80081AB4E /* Build configuration list for PBXProject "Chorder" */ = {
			isa = XCConfigurationList;
			buildConfigurations = (
				08E19F1129DE19F90081AB4E /* Debug */,
				08E19F1229DE19F90081AB4E /* Release */,
			);
			defaultConfigurationIsVisible = 0;
			defaultConfigurationName = Release;
		};
		08E19F1329DE19F90081AB4E /* Build configuration list for PBXNativeTarget "Chorder" */ = {
			isa = XCConfigurationList;
			buildConfigurations = (
				08E19F1429DE19F90081AB4E /* Debug */,
				08E19F1529DE19F90081AB4E /* Release */,
			);
			defaultConfigurationIsVisible = 0;
			defaultConfigurationName = Release;
		};
		08E19F1629DE19F90081AB4E /* Build configuration list for PBXNativeTarget "ChorderTests" */ = {
			isa = XCConfigurationList;
			buildConfigurations = (
				08E19F1729DE19F90081AB4E /* Debug */,
				08E19F1829DE19F90081AB4E /* Release */,
			);
			defaultConfigurationIsVisible = 0;
			defaultConfigurationName = Release;
		};
		08E19F1929DE19F90081AB4E /* Build configuration list for PBXNativeTarget "ChorderUITests" */ = {
			isa = XCConfigurationList;
			buildConfigurations = (
				08E19F1A29DE19F90081AB4E /* Debug */,
				08E19F1B29DE19F90081AB4E /* Release */,
			);
			defaultConfigurationIsVisible = 0;
			defaultConfigurationName = Release;
		};
		FB5E2F7BF416462BA1C2D363 /* Build configuration list for PBXNativeTarget "ChorderInputMethod" */ = {
			isa = XCConfigurationList;
			buildConfigurations = (
				0B608237E4C2462FA10DE41E /* Debug */,
				78EDA8A967B244C0A4CE8998 /* Release */,
			);
			defaultConfigurationIsVisible = 0;
			defaultConfigurationName = Release;
		};
/* End XCConfigurationList section */

/* Begin XCRemoteSwiftPackageReference section */
		0898B4192BE16D140087D747 /* XCRemoteSwiftPackageReference "LaunchAtLogin-Modern" */ = {
			isa = XCRemoteSwiftPackageReference;
			repositoryURL = "https://github.com/sindresorhus/LaunchAtLogin-Modern";
			requirement = {
				kind = upToNextMajorVersion;
				minimumVersion = 1.1.0;
			};
		};
/* End XCRemoteSwiftPackageReference section */

/* Begin XCLocalSwiftPackageReference section */
		D834ED697BD9427283B0EA1E /* XCLocalSwiftPackageReference "ChorderCore" */ = {
			isa = XCLocalSwiftPackageReference;
			relativePath = ChorderCore;
		};
/* End XCLocalSwiftPackageReference section */

/* Begin XCSwiftPackageProductDependency section */
		0898B41A2BE16DBA0087D747 /* LaunchAtLogin */ = {
			isa = XCSwiftPackageProductDependency;
			package = 0898B4192BE16D140087D747 /* XCRemoteSwiftPackageReference "LaunchAtLogin-Modern" */;
			productName = LaunchAtLogin;
		};
		FE55E07000D54760A95117B2 /* ChorderCore */ = {
			isa = XCSwiftPackageProductDependency;
			package = D834ED697BD9427283B0EA1E /* XCLocalSwiftPackageReference "ChorderCore" */;
			productName = ChorderCore;
		};
		ED15EA9C89114620B96949F9 /* ChorderCore */ = {
			isa = XCSwiftPackageProductDependency;
			package = D834ED697BD9427283B0EA1E /* XCLocalSwiftPackageReference "ChorderCore" */;
			productName = ChorderCore;
		};
		329EC5CBDAD147039B55B8E5 /* ChorderCore */ = {
			isa = XCSwiftPackageProductDependency;
			package = D834ED697BD9427283B0EA1E /* XCLocalSwiftPackageReference "ChorderCore" */;
			productName = ChorderCore;
		};
/* End XCSwiftPackageProductDependency section */
	};
	rootObject = 08E19EE629DE19F80081AB4E /* Project object */;
}
