// !$*UTF8*$!
{
	archiveVersion = 1;
	classes = {
	};
	objectVersion = 56;
	objects = {

/* Begin PBXBuildFile section */
		081B0B0929E431550052A0BD /* Constants.swift in Sources */ = {isa = PBXBuildFile; fileRef = 081B0B0829E431550052A0BD /* Constants.swift */; };
		086E69CC2DA5B2D200B360A1 /* AppSettings.swift in Sources */ = {isa = PBXBuildFile; fileRef = 086E69CB2DA5B2D200B360A1 /* AppSettings.swift */; };
		0881F2C32DA6772900EE61A1 /* Debug.swift in Sources */ = {isa = PBXBuildFile; fileRef = 0881F2C22DA6772600EE61A1 /* Debug.swift */; };
		0898B41B2BE16DBA0087D747 /* LaunchAtLogin in Frameworks */ = {isa = PBXBuildFile; productRef = 0898B41A2BE16DBA0087D747 /* LaunchAtLogin */; };
		08E19EF229DE19F80081AB4E /* AppDelegate.swift in Sources */ = {isa = PBXBuildFile; fileRef = 08E19EF129DE19F80081AB4E /* AppDelegate.swift */; };
		08E19EF429DE19F80081AB4E /* ViewController.swift in Sources */ = {isa = PBXBuildFile; fileRef = 08E19EF329DE19F80081AB4E /* ViewController.swift */; };
		08E19EF629DE19F90081AB4E /* Assets.xcassets in Resources */ = {isa = PBXBuildFile; fileRef = 08E19EF529DE19F90081AB4E /* Assets.xcassets */; };
		08E19EF929DE19F90081AB4E /* Main.storyboard in Resources */ = {isa = PBXBuildFile; fileRef = 08E19EF729DE19F90081AB4E /* Main.storyboard */; };
		08E19F0429DE19F90081AB4E /* Software_Chording_KeyboardTests.swift in Sources */ = {isa = PBXBuildFile; fileRef = 08E19F0329DE19F90081AB4E /* Software_Chording_KeyboardTests.swift */; };
		08E19F0E29DE19F90081AB4E /* Software_Chording_KeyboardUITests.swift in Sources */ = {isa = PBXBuildFile; fileRef = 08E19F0D29DE19F90081AB4E /* Software_Chording_KeyboardUITests.swift */; };
		08E19F1029DE19F90081AB4E /* Software_Chording_KeyboardUITestsLaunchTests.swift in Sources */ = {isa = PBXBuildFile; fileRef = 08E19F0F29DE19F90081AB4E /* Software_Chording_KeyboardUITestsLaunchTests.swift */; };
		08E19F2129DE1A950081AB4E /* Chord.swift in Sources */ = {isa = PBXBuildFile; fileRef = 08E19F2029DE1A950081AB4E /* Chord.swift */; };
		08E19F2429DE1CAD0081AB4E /* Settings.swift in Sources */ = {isa = PBXBuildFile; fileRef = 08E19F2329DE1CAD0081AB4E /* Settings.swift */; };
		08E19F2629DECCAA0081AB4E /* About.swift in Sources */ = {isa = PBXBuildFile; fileRef = 08E19F2529DECCAA0081AB4E /* About.swift */; };
		08E19F2829DF11FC0081AB4E /* AppModel.swift in Sources */ = {isa = PBXBuildFile; fileRef = 08E19F2729DF11FC0081AB4E /* AppModel.swift */; };
		08EE670029E9584000F4A6E5 /* BookMarks.swift in Sources */ = {isa = PBXBuildFile; fileRef = 08EE66FF29E9584000F4A6E5 /* BookMarks.swift */; };
/* End PBXBuildFile section */

/* Begin PBXContainerItemProxy section */
		08E19F0029DE19F90081AB4E /* PBXContainerItemProxy */ = {
			isa = PBXContainerItemProxy;
			containerPortal = 08E19EE629DE19F80081AB4E /* Project object */;
			proxyType = 1;
			remoteGlobalIDString = 08E19EED29DE19F80081AB4E;
			remoteInfo = "Software Chording Keyboard";
		};
		08E19F0A29DE19F90081AB4E /* PBXContainerItemProxy */ = {
			isa = PBXContainerItemProxy;
			containerPortal = 08E19EE629DE19F80081AB4E /* Project object */;
			proxyType = 1;
			remoteGlobalIDString = 08E19EED29DE19F80081AB4E;
			remoteInfo = "Software Chording Keyboard";
		};
/* End PBXContainerItemProxy section */

/* Begin PBXFileReference section */
		081B0B0829E431550052A0BD /* Constants.swift */ = {isa = PBXFileReference; lastKnownFileType = sourcecode.swift; path = Constants.swift; sourceTree = "<group>"; };
		082708E92E4760AA0015A4F4 /* Software-Chording-Keyboard-Info.plist */ = {isa = PBXFileReference; lastKnownFileType = text.plist; path = "Software-Chording-Keyboard-Info.plist"; sourceTree = SOURCE_ROOT; };
		086E69CB2DA5B2D200B360A1 /* AppSettings.swift */ = {isa = PBXFileReference; lastKnownFileType = sourcecode.swift; path = AppSettings.swift; sourceTree = "<group>"; };
		0881F2C22DA6772600EE61A1 /* Debug.swift */ = {isa = PBXFileReference; lastKnownFileType = sourcecode.swift; path = Debug.swift; sourceTree = "<group>"; };
		08E19EEE29DE19F80081AB4E /* Software Chording Keyboard.app */ = {isa = PBXFileReference; explicitFileType = wrapper.application; includeInIndex = 0; path = "Software Chording Keyboard.app"; sourceTree = BUILT_PRODUCTS_DIR; };
		08E19EF129DE19F80081AB4E /* AppDelegate.swift */ = {isa = PBXFileReference; lastKnownFileType = sourcecode.swift; path = AppDelegate.swift; sourceTree = "<group>"; };
		08E19EF329DE19F80081AB4E /* ViewController.swift */ = {isa = PBXFileReference; lastKnownFileType = sourcecode.swift; path = ViewController.swift; sourceTree = "<group>"; };
		08E19EF529DE19F90081AB4E /* Assets.xcassets */ = {isa = PBXFileReference; lastKnownFileType = folder.assetcatalog; path = Assets.xcassets; sourceTree = "<group>"; };
		08E19EF829DE19F90081AB4E /* Base */ = {isa = PBXFileReference; lastKnownFileType = file.storyboard; name = Base; path = Base.lproj/Main.storyboard; sourceTree = "<group>"; };
		08E19EFA29DE19F90081AB4E /* Software_Chording_Keyboard.entitlements */ = {isa = PBXFileReference; lastKnownFileType = text.plist.entitlements; path = Software_Chording_Keyboard.entitlements; sourceTree = "<group>"; };
		08E19EFF29DE19F90081AB4E /* Software Chording KeyboardTests.xctest */ = {isa = PBXFileReference; explicitFileType = wrapper.cfbundle; includeInIndex = 0; path = "Software Chording KeyboardTests.xctest"; sourceTree = BUILT_PRODUCTS_DIR; };
		08E19F0329DE19F90081AB4E /* Software_Chording_KeyboardTests.swift */ = {isa = PBXFileReference; lastKnownFileType = sourcecode.swift; path = Software_Chording_KeyboardTests.swift; sourceTree = "<group>"; };
		08E19F0929DE19F90081AB4E /* Software Chording KeyboardUITests.xctest */ = {isa = PBXFileReference; explicitFileType = wrapper.cfbundle; includeInIndex = 0; path = "Software Chording KeyboardUITests.xctest"; sourceTree = BUILT_PRODUCTS_DIR; };
		08E19F0D29DE19F90081AB4E /* Software_Chording_KeyboardUITests.swift */ = {isa = PBXFileReference; lastKnownFileType = sourcecode.swift; path = Software_Chording_KeyboardUITests.swift; sourceTree = "<group>"; };
		08E19F0F29DE19F90081AB4E /* Software_Chording_KeyboardUITestsLaunchTests.swift */ = {isa = PBXFileReference; lastKnownFileType = sourcecode.swift; path = Software_Chording_KeyboardUITestsLaunchTests.swift; sourceTree = "<group>"; };
		08E19F2029DE1A950081AB4E /* Chord.swift */ = {isa = PBXFileReference; lastKnownFileType = sourcecode.swift; path = Chord.swift; sourceTree = "<group>"; };
		08E19F2329DE1CAD0081AB4E /* Settings.swift */ = {isa = PBXFileReference; lastKnownFileType = sourcecode.swift; path = Settings.swift; sourceTree = "<group>"; };
		08E19F2529DECCAA0081AB4E /* About.swift */ = {isa = PBXFileReference; lastKnownFileType = sourcecode.swift; path = About.swift; sourceTree = "<group>"; };
		08E19F2729DF11FC0081AB4E /* AppModel.swift */ = {isa = PBXFileReference; lastKnownFileType = sourcecode.swift; path = AppModel.swift; sourceTree = "<group>"; };
		08EE66FF29E9584000F4A6E5 /* BookMarks.swift */ = {isa = PBXFileReference; lastKnownFileType = sourcecode.swift; path = BookMarks.swift; sourceTree = "<group>"; };
/* End PBXFileReference section */

/* Begin PBXFrameworksBuildPhase section */
		08E19EEB29DE19F80081AB4E /* Frameworks */ = {
			isa = PBXFrameworksBuildPhase;
			buildActionMask = 2147483647;
			files = (
				0898B41B2BE16DBA0087D747 /* LaunchAtLogin in Frameworks */,
			);
			runOnlyForDeploymentPostprocessing = 0;
		};
		08E19EFC29DE19F90081AB4E /* Frameworks */ = {
			isa = PBXFrameworksBuildPhase;
			buildActionMask = 2147483647;
			files = (
			);
			runOnlyForDeploymentPostprocessing = 0;
		};
		08E19F0629DE19F90081AB4E /* Frameworks */ = {
			isa = PBXFrameworksBuildPhase;
			buildActionMask = 2147483647;
			files = (
			);
			runOnlyForDeploymentPostprocessing = 0;
		};
/* End PBXFrameworksBuildPhase section */

/* Begin PBXGroup section */
		081B0B0729E4314C0052A0BD /* Constants */ = {
			isa = PBXGroup;
			children = (
				081B0B0829E431550052A0BD /* Constants.swift */,
			);
			path = Constants;
			sourceTree = "<group>";
		};
		08E19EE529DE19F80081AB4E = {
			isa = PBXGroup;
			children = (
				08E19EF029DE19F80081AB4E /* Software Chording Keyboard */,
				08E19F0229DE19F90081AB4E /* Software Chording KeyboardTests */,
				08E19F0C29DE19F90081AB4E /* Software Chording KeyboardUITests */,
				08E19EEF29DE19F80081AB4E /* Products */,
			);
			sourceTree = "<group>";
		};
		08E19EEF29DE19F80081AB4E /* Products */ = {
			isa = PBXGroup;
			children = (
				08E19EEE29DE19F80081AB4E /* Software Chording Keyboard.app */,
				08E19EFF29DE19F90081AB4E /* Software Chording KeyboardTests.xctest */,
				08E19F0929DE19F90081AB4E /* Software Chording KeyboardUITests.xctest */,
			);
			name = Products;
			sourceTree = "<group>";
		};
		08E19EF029DE19F80081AB4E /* Software Chording Keyboard */ = {
			isa = PBXGroup;
			children = (
				082708E92E4760AA0015A4F4 /* Software-Chording-Keyboard-Info.plist */,
				081B0B0729E4314C0052A0BD /* Constants */,
				08E19F2229DE1C910081AB4E /* Views */,
				08E19F1D29DE1A760081AB4E /* Models */,
				08E19F1C29DE1A3C0081AB4E /* Trunk */,
				08E19EF129DE19F80081AB4E /* AppDelegate.swift */,
				08E19EF329DE19F80081AB4E /* ViewController.swift */,
				08E19EF529DE19F90081AB4E /* Assets.xcassets */,
			);
			path = "Software Chording Keyboard";
			sourceTree = "<group>";
		};
		08E19F0229DE19F90081AB4E /* Software Chording KeyboardTests */ = {
			isa = PBXGroup;
			children = (
				08E19F0329DE19F90081AB4E /* Software_Chording_KeyboardTests.swift */,
			);
			path = "Software Chording KeyboardTests";
			sourceTree = "<group>";
		};
		08E19F0C29DE19F90081AB4E /* Software Chording KeyboardUITests */ = {
			isa = PBXGroup;
			children = (
				08E19F0D29DE19F90081AB4E /* Software_Chording_KeyboardUITests.swift */,
				08E19F0F29DE19F90081AB4E /* Software_Chording_KeyboardUITestsLaunchTests.swift */,
			);
			path = "Software Chording KeyboardUITests";
			sourceTree = "<group>";
		};
		08E19F1C29DE1A3C0081AB4E /* Trunk */ = {
			isa = PBXGroup;
			children = (
				08E19EF729DE19F90081AB4E /* Main.storyboard */,
				08E19EFA29DE19F90081AB4E /* Software_Chording_Keyboard.entitlements */,
			);
			path = Trunk;
			sourceTree = "<group>";
		};
		08E19F1D29DE1A760081AB4E /* Models */ = {
			isa = PBXGroup;
			children = (
				0881F2C22DA6772600EE61A1 /* Debug.swift */,
				086E69CB2DA5B2D200B360A1 /* AppSettings.swift */,
				08E19F2029DE1A950081AB4E /* Chord.swift */,
				08E19F2729DF11FC0081AB4E /* AppModel.swift */,
				08EE66FF29E9584000F4A6E5 /* BookMarks.swift */,
			);
			path = Models;
			sourceTree = "<group>";
		};
		08E19F2229DE1C910081AB4E /* Views */ = {
			isa = PBXGroup;
			children = (
				08E19F2329DE1CAD0081AB4E /* Settings.swift */,
				08E19F2529DECCAA0081AB4E /* About.swift */,
			);
			path = Views;
			sourceTree = "<group>";
		};
/* End PBXGroup section */

/* Begin PBXNativeTarget section */
		08E19EED29DE19F80081AB4E /* Software Chording Keyboard */ = {
			isa = PBXNativeTarget;
			buildConfigurationList = 08E19F1329DE19F90081AB4E /* Build configuration list for PBXNativeTarget "Software Chording Keyboard" */;
			buildPhases = (
				08E19EEA29DE19F80081AB4E /* Sources */,
				08E19EEB29DE19F80081AB4E /* Frameworks */,
				08E19EEC29DE19F80081AB4E /* Resources */,
			);
			buildRules = (
			);
			dependencies = (
			);
			name = "Software Chording Keyboard";
			packageProductDependencies = (
				0898B41A2BE16DBA0087D747 /* LaunchAtLogin */,
			);
			productName = "Software Chording Keyboard";
			productReference = 08E19EEE29DE19F80081AB4E /* Software Chording Keyboard.app */;
			productType = "com.apple.product-type.application";
		};
		08E19EFE29DE19F90081AB4E /* Software Chording KeyboardTests */ = {
			isa = PBXNativeTarget;
			buildConfigurationList = 08E19F1629DE19F90081AB4E /* Build configuration list for PBXNativeTarget "Software Chording KeyboardTests" */;
			buildPhases = (
				08E19EFB29DE19F90081AB4E /* Sources */,
				08E19EFC29DE19F90081AB4E /* Frameworks */,
				08E19EFD29DE19F90081AB4E /* Resources */,
			);
			buildRules = (
			);
			dependencies = (
				08E19F0129DE19F90081AB4E /* PBXTargetDependency */,
			);
			name = "Software Chording KeyboardTests";
			productName = "Software Chording KeyboardTests";
			productReference = 08E19EFF29DE19F90081AB4E /* Software Chording KeyboardTests.xctest */;
			productType = "com.apple.product-type.bundle.unit-test";
		};
		08E19F0829DE19F90081AB4E /* Software Chording KeyboardUITests */ = {
			isa = PBXNativeTarget;
			buildConfigurationList = 08E19F1929DE19F90081AB4E /* Build configuration list for PBXNativeTarget "Software Chording KeyboardUITests" */;
			buildPhases = (
				08E19F0529DE19F90081AB4E /* Sources */,
				08E19F0629DE19F90081AB4E /* Frameworks */,
				08E19F0729DE19F90081AB4E /* Resources */,
			);
			buildRules = (
			);
			dependencies = (
				08E19F0B29DE19F90081AB4E /* PBXTargetDependency */,
			);
			name = "Software Chording KeyboardUITests";
			productName = "Software Chording KeyboardUITests";
			productReference = 08E19F0929DE19F90081AB4E /* Software Chording KeyboardUITests.xctest */;
			productType = "com.apple.product-type.bundle.ui-testing";
		};
/* End PBXNativeTarget section */

/* Begin PBXProject section */
		08E19EE629DE19F80081AB4E /* Project object */ = {
			isa = PBXProject;
			attributes = {
				BuildIndependentTargetsInParallel = 1;
				LastSwiftUpdateCheck = 1430;
				LastUpgradeCheck = 1430;
				TargetAttributes = {
					08E19EED29DE19F80081AB4E = {
						CreatedOnToolsVersion = 14.3;
					};
					08E19EFE29DE19F90081AB4E = {
						CreatedOnToolsVersion = 14.3;
						TestTargetID = 08E19EED29DE19F80081AB4E;
					};
					08E19F0829DE19F90081AB4E = {
						CreatedOnToolsVersion = 14.3;
						TestTargetID = 08E19EED29DE19F80081AB4E;
					};
				};
			};
			buildConfigurationList = 08E19EE929DE19F80081AB4E /* Build configuration list for PBXProject "Software Chording Keyboard" */;
			compatibilityVersion = "Xcode 14.0";
			developmentRegion = en;
			hasScannedForEncodings = 0;
			knownRegions = (
				en,
				Base,
			);
			mainGroup = 08E19EE529DE19F80081AB4E;
			packageReferences = (
				0898B4192BE16D140087D747 /* XCRemoteSwiftPackageReference "LaunchAtLogin-Modern" */,
			);
			productRefGroup = 08E19EEF29DE19F80081AB4E /* Products */;
			projectDirPath = "";
			projectRoot = "";
			targets = (
				08E19EED29DE19F80081AB4E /* Software Chording Keyboard */,
				08E19EFE29DE19F90081AB4E /* Software Chording KeyboardTests */,
				08E19F0829DE19F90081AB4E /* Software Chording KeyboardUITests */,
			);
		};
/* End PBXProject section */

/* Begin PBXResourcesBuildPhase section */
		08E19EEC29DE19F80081AB4E /* Resources */ = {
			isa = PBXResourcesBuildPhase;
			buildActionMask = 2147483647;
			files = (
				08E19EF629DE19F90081AB4E /* Assets.xcassets in Resources */,
				08E19EF929DE19F90081AB4E /* Main.storyboard in Resources */,
			);
			runOnlyForDeploymentPostprocessing = 0;
		};
		08E19EFD29DE19F90081AB4E /* Resources */ = {
			isa = PBXResourcesBuildPhase;
			buildActionMask = 2147483647;
			files = (
			);
			runOnlyForDeploymentPostprocessing = 0;
		};
		08E19F0729DE19F90081AB4E /* Resources */ = {
			isa = PBXResourcesBuildPhase;
			buildActionMask = 2147483647;
			files = (
			);
			runOnlyForDeploymentPostprocessing = 0;
		};
/* End PBXResourcesBuildPhase section */

/* Begin PBXSourcesBuildPhase section */
		08E19EEA29DE19F80081AB4E /* Sources */ = {
			isa = PBXSourcesBuildPhase;
			buildActionMask = 2147483647;
			files = (
				08E19F2829DF11FC0081AB4E /* AppModel.swift in Sources */,
				0881F2C32DA6772900EE61A1 /* Debug.swift in Sources */,
				08E19EF429DE19F80081AB4E /* ViewController.swift in Sources */,
				08E19F2629DECCAA0081AB4E /* About.swift in Sources */,
				08E19EF229DE19F80081AB4E /* AppDelegate.swift in Sources */,
				08EE670029E9584000F4A6E5 /* BookMarks.swift in Sources */,
				08E19F2129DE1A950081AB4E /* Chord.swift in Sources */,
				08E19F2429DE1CAD0081AB4E /* Settings.swift in Sources */,
				086E69CC2DA5B2D200B360A1 /* AppSettings.swift in Sources */,
				081B0B0929E431550052A0BD /* Constants.swift in Sources */,
			);
			runOnlyForDeploymentPostprocessing = 0;
		};
		08E19EFB29DE19F90081AB4E /* Sources */ = {
			isa = PBXSourcesBuildPhase;
			buildActionMask = 2147483647;
			files = (
				08E19F0429DE19F90081AB4E /* Software_Chording_KeyboardTests.swift in Sources */,
			);
			runOnlyForDeploymentPostprocessing = 0;
		};
		08E19F0529DE19F90081AB4E /* Sources */ = {
			isa = PBXSourcesBuildPhase;
			buildActionMask = 2147483647;
			files = (
				08E19F1029DE19F90081AB4E /* Software_Chording_KeyboardUITestsLaunchTests.swift in Sources */,
				08E19F0E29DE19F90081AB4E /* Software_Chording_KeyboardUITests.swift in Sources */,
			);
			runOnlyForDeploymentPostprocessing = 0;
		};
/* End PBXSourcesBuildPhase section */

/* Begin PBXTargetDependency section */
		08E19F0129DE19F90081AB4E /* PBXTargetDependency */ = {
			isa = PBXTargetDependency;
			target = 08E19EED29DE19F80081AB4E /* Software Chording Keyboard */;
			targetProxy = 08E19F0029DE19F90081AB4E /* PBXContainerItemProxy */;
		};
		08E19F0B29DE19F90081AB4E /* PBXTargetDependency */ = {
			isa = PBXTargetDependency;
			target = 08E19EED29DE19F80081AB4E /* Software Chording Keyboard */;
			targetProxy = 08E19F0A29DE19F90081AB4E /* PBXContainerItemProxy */;
		};
/* End PBXTargetDependency section */

/* Begin PBXVariantGroup section */
		08E19EF729DE19F90081AB4E /* Main.storyboard */ = {
			isa = PBXVariantGroup;
			children = (
				08E19EF829DE19F90081AB4E /* Base */,
			);
			name = Main.storyboard;
			sourceTree = "<group>";
		};
/* End PBXVariantGroup section */

/* Begin XCBuildConfiguration section */
		08E19F1129DE19F90081AB4E /* Debug */ = {
			isa = XCBuildConfiguration;
			buildSettings = {
				ALWAYS_SEARCH_USER_PATHS = NO;
				CLANG_ANALYZER_NONNULL = YES;
				CLANG_ANALYZER_NUMBER_OBJECT_CONVERSION = YES_AGGRESSIVE;
				CLANG_CXX_LANGUAGE_STANDARD = "gnu++20";
				CLANG_ENABLE_MODULES = YES;
				CLANG_ENABLE_OBJC_ARC = YES;
				CLANG_ENABLE_OBJC_WEAK = YES;
				CLANG_WARN_BLOCK_CAPTURE_AUTORELEASING = YES;
				CLANG_WARN_BOOL_CONVERSION = YES;
				CLANG_WARN_COMMA = YES;
				CLANG_WARN_CONSTANT_CONVERSION = YES;
				CLANG_WARN_DEPRECATED_OBJC_IMPLEMENTATIONS = YES;
				CLANG_WARN_DIRECT_OBJC_ISA_USAGE = YES_ERROR;
				CLANG_WARN_DOCUMENTATION_COMMENTS = YES;
				CLANG_WARN_EMPTY_BODY = YES;
				CLANG_WARN_ENUM_CONVERSION = YES;
				CLANG_WARN_INFINITE_RECURSION = YES;
				CLANG_WARN_INT_CONVERSION = YES;
				CLANG_WARN_NON_LITERAL_NULL_CONVERSION = YES;
				CLANG_WARN_OBJC_IMPLICIT_RETAIN_SELF = YES;
				CLANG_WARN_OBJC_LITERAL_CONVERSION = YES;
				CLANG_WARN_OBJC_ROOT_CLASS = YES_ERROR;
				CLANG_WARN_QUOTED_INCLUDE_IN_FRAMEWORK_HEADER = YES;
				CLANG_WARN_RANGE_LOOP_ANALYSIS = YES;
				CLANG_WARN_STRICT_PROTOTYPES = YES;
				CLANG_WARN_SUSPICIOUS_MOVE = YES;
				CLANG_WARN_UNGUARDED_AVAILABILITY = YES_AGGRESSIVE;
				CLANG_WARN_UNREACHABLE_CODE = YES;
				CLANG_WARN__DUPLICATE_METHOD_MATCH = YES;
				COPY_PHASE_STRIP = NO;
				DEBUG_INFORMATION_FORMAT = dwarf;
				ENABLE_STRICT_OBJC_MSGSEND = YES;
				ENABLE_TESTABILITY = YES;
				GCC_C_LANGUAGE_STANDARD = gnu11;
				GCC_DYNAMIC_NO_PIC = NO;
				GCC_NO_COMMON_BLOCKS = YES;
				GCC_OPTIMIZATION_LEVEL = 0;
				GCC_PREPROCESSOR_DEFINITIONS = (
					"DEBUG=1",
					"$(inherited)",
				);
				GCC_WARN_64_TO_32_BIT_CONVERSION = YES;
				GCC_WARN_ABOUT_RETURN_TYPE = YES_ERROR;
				GCC_WARN_UNDECLARED_SELECTOR = YES;
				GCC_WARN_UNINITIALIZED_AUTOS = YES_AGGRESSIVE;
				GCC_WARN_UNUSED_FUNCTION = YES;
				GCC_WARN_UNUSED_VARIABLE = YES;
				MACOSX_DEPLOYMENT_TARGET = 13.3;
				MTL_ENABLE_DEBUG_INFO = INCLUDE_SOURCE;
				MTL_FAST_MATH = YES;
				ONLY_ACTIVE_ARCH = YES;
				SDKROOT = macosx;
				SWIFT_ACTIVE_COMPILATION_CONDITIONS = DEBUG;
				SWIFT_OPTIMIZATION_LEVEL = "-Onone";
			};
			name = Debug;
		};
		08E19F1229DE19F90081AB4E /* Release */ = {
			isa = XCBuildConfiguration;
			buildSettings = {
				ALWAYS_SEARCH_USER_PATHS = NO;
				CLANG_ANALYZER_NONNULL = YES;
				CLANG_ANALYZER_NUMBER_OBJECT_CONVERSION = YES_AGGRESSIVE;
				CLANG_CXX_LANGUAGE_STANDARD = "gnu++20";
				CLANG_ENABLE_MODULES = YES;
				CLANG_ENABLE_OBJC_ARC = YES;
				CLANG_ENABLE_OBJC_WEAK = YES;
				CLANG_WARN_BLOCK_CAPTURE_AUTORELEASING = YES;
				CLANG_WARN_BOOL_CONVERSION = YES;
				CLANG_WARN_COMMA = YES;
				CLANG_WARN_CONSTANT_CONVERSION = YES;
				CLANG_WARN_DEPRECATED_OBJC_IMPLEMENTATIONS = YES;
				CLANG_WARN_DIRECT_OBJC_ISA_USAGE = YES_ERROR;
				CLANG_WARN_DOCUMENTATION_COMMENTS = YES;
				CLANG_WARN_EMPTY_BODY = YES;
				CLANG_WARN_ENUM_CONVERSION = YES;
				CLANG_WARN_INFINITE_RECURSION = YES;
				CLANG_WARN_INT_CONVERSION = YES;
				CLANG_WARN_NON_LITERAL_NULL_CONVERSION = YES;
				CLANG_WARN_OBJC_IMPLICIT_RETAIN_SELF = YES;
				CLANG_WARN_OBJC_LITERAL_CONVERSION = YES;
				CLANG_WARN_OBJC_ROOT_CLASS = YES_ERROR;
				CLANG_WARN_QUOTED_INCLUDE_IN_FRAMEWORK_HEADER = YES;
				CLANG_WARN_RANGE_LOOP_ANALYSIS = YES;
				CLANG_WARN_STRICT_PROTOTYPES = YES;
				CLANG_WARN_SUSPICIOUS_MOVE = YES;
				CLANG_WARN_UNGUARDED_AVAILABILITY = YES_AGGRESSIVE;
				CLANG_WARN_UNREACHABLE_CODE = YES;
				CLANG_WARN__DUPLICATE_METHOD_MATCH = YES;
				COPY_PHASE_STRIP = NO;
				DEBUG_INFORMATION_FORMAT = "dwarf-with-dsym";
				ENABLE_NS_ASSERTIONS = NO;
				ENABLE_STRICT_OBJC_MSGSEND = YES;
				GCC_C_LANGUAGE_STANDARD = gnu11;
				GCC_NO_COMMON_BLOCKS = YES;
				GCC_WARN_64_TO_32_BIT_CONVERSION = YES;
				GCC_WARN_ABOUT_RETURN_TYPE = YES_ERROR;
				GCC_WARN_UNDECLARED_SELECTOR = YES;
				GCC_WARN_UNINITIALIZED_AUTOS = YES_AGGRESSIVE;
				GCC_WARN_UNUSED_FUNCTION = YES;
				GCC_WARN_UNUSED_VARIABLE = YES;
				MACOSX_DEPLOYMENT_TARGET = 13.3;
				MTL_ENABLE_DEBUG_INFO = NO;
				MTL_FAST_MATH = YES;
				SDKROOT = macosx;
				SWIFT_COMPILATION_MODE = wholemodule;
				SWIFT_OPTIMIZATION_LEVEL = "-O";
			};
			name = Release;
		};
		08E19F1429DE19F90081AB4E /* Debug */ = {
			isa = XCBuildConfiguration;
			buildSettings = {
				ASSETCATALOG_COMPILER_APPICON_NAME = AppIcon;
				ASSETCATALOG_COMPILER_GLOBAL_ACCENT_COLOR_NAME = AccentColor;
				CODE_SIGN_ENTITLEMENTS = "Software Chording Keyboard/Trunk/Software_Chording_Keyboard.entitlements";
				"CODE_SIGN_IDENTITY[sdk=macosx*]" = "Apple Development";
				CODE_SIGN_STYLE = Automatic;
				COMBINE_HIDPI_IMAGES = YES;
				CURRENT_PROJECT_VERSION = 1;
				DEVELOPMENT_TEAM = F2NH4J9NYG;
				ENABLE_HARDENED_RUNTIME = YES;
				GENERATE_INFOPLIST_FILE = YES;
				INFOPLIST_FILE = "Software-Chording-Keyboard-Info.plist";
				INFOPLIST_KEY_LSApplicationCategoryType = "public.app-category.utilities";
				INFOPLIST_KEY_LSUIElement = YES;
				INFOPLIST_KEY_NSHumanReadableCopyright = "";
				INFOPLIST_KEY_NSMainStoryboardFile = Main;
				LD_RUNPATH_SEARCH_PATHS = (
					"$(inherited)",
					"@executable_path/../Frameworks",
				);
				MARKETING_VERSION = 1.0;
				PRODUCT_BUNDLE_IDENTIFIER = "uk.co.georgegillams.software-chording-keyboard.mac-os";
				PRODUCT_NAME = "$(TARGET_NAME)";
				PROVISIONING_PROFILE_SPECIFIER = "";
				SWIFT_EMIT_LOC_STRINGS = YES;
				SWIFT_VERSION = 5.0;
			};
			name = Debug;
		};
		08E19F1529DE19F90081AB4E /* Release */ = {
			isa = XCBuildConfiguration;
			buildSettings = {
				ASSETCATALOG_COMPILER_APPICON_NAME = AppIcon;
				ASSETCATALOG_COMPILER_GLOBAL_ACCENT_COLOR_NAME = AccentColor;
				CODE_SIGN_ENTITLEMENTS = "Software Chording Keyboard/Trunk/Software_Chording_Keyboard.entitlements";
				"CODE_SIGN_IDENTITY[sdk=macosx*]" = "Apple Development";
				CODE_SIGN_STYLE = Automatic;
				COMBINE_HIDPI_IMAGES = YES;
				CURRENT_PROJECT_VERSION = 1;
				DEVELOPMENT_TEAM = F2NH4J9NYG;
				ENABLE_HARDENED_RUNTIME = YES;
				GENERATE_INFOPLIST_FILE = YES;
				INFOPLIST_FILE = "Software-Chording-Keyboard-Info.plist";
				INFOPLIST_KEY_LSApplicationCategoryType = "public.app-category.utilities";
				INFOPLIST_KEY_LSUIElement = YES;
				INFOPLIST_KEY_NSHumanReadableCopyright = "";
				INFOPLIST_KEY_NSMainStoryboardFile = Main;
				LD_RUNPATH_SEARCH_PATHS = (
					"$(inherited)",
					"@executable_path/../Frameworks",
				);
				MARKETING_VERSION = 1.0;
				PRODUCT_BUNDLE_IDENTIFIER = "uk.co.georgegillams.software-chording-keyboard.mac-os";
				PRODUCT_NAME = "$(TARGET_NAME)";
				PROVISIONING_PROFILE_SPECIFIER = "";
				SWIFT_EMIT_LOC_STRINGS = YES;
				SWIFT_VERSION = 5.0;
			};
			name = Release;
		};
		08E19F1729DE19F90081AB4E /* Debug */ = {
			isa = XCBuildConfiguration;
			buildSettings = {
				ALWAYS_EMBED_SWIFT_STANDARD_LIBRARIES = YES;
				BUNDLE_LOADER = "$(TEST_HOST)";
				CODE_SIGN_STYLE = Automatic;
				CURRENT_PROJECT_VERSION = 1;
				DEVELOPMENT_TEAM = F2NH4J9NYG;
				GENERATE_INFOPLIST_FILE = YES;
				MACOSX_DEPLOYMENT_TARGET = 13.3;
				MARKETING_VERSION = 1.0;
				PRODUCT_BUNDLE_IDENTIFIER = "uk.co.georgegillams.software-chording-keyboard.Software-Chording-KeyboardTests";
				PRODUCT_NAME = "$(TARGET_NAME)";
				SWIFT_EMIT_LOC_STRINGS = NO;
				SWIFT_VERSION = 5.0;
				TEST_HOST = "$(BUILT_PRODUCTS_DIR)/Software Chording Keyboard.app/$(BUNDLE_EXECUTABLE_FOLDER_PATH)/Software Chording Keyboard";
			};
			name = Debug;
		};
		08E19F1829DE19F90081AB4E /* Release */ = {
			isa = XCBuildConfiguration;
			buildSettings = {
				ALWAYS_EMBED_SWIFT_STANDARD_LIBRARIES = YES;
				BUNDLE_LOADER = "$(TEST_HOST)";
				CODE_SIGN_STYLE = Automatic;
				CURRENT_PROJECT_VERSION = 1;
				DEVELOPMENT_TEAM = F2NH4J9NYG;
				GENERATE_INFOPLIST_FILE = YES;
				MACOSX_DEPLOYMENT_TARGET = 13.3;
				MARKETING_VERSION = 1.0;
				PRODUCT_BUNDLE_IDENTIFIER = "uk.co.georgegillams.software-chording-keyboard.Software-Chording-KeyboardTests";
				PRODUCT_NAME = "$(TARGET_NAME)";
				SWIFT_EMIT_LOC_STRINGS = NO;
				SWIFT_VERSION = 5.0;
				TEST_HOST = "$(BUILT_PRODUCTS_DIR)/Software Chording Keyboard.app/$(BUNDLE_EXECUTABLE_FOLDER_PATH)/Software Chording Keyboard";
			};
			name = Release;
		};
		08E19F1A29DE19F90081AB4E /* Debug */ = {
			isa = XCBuildConfiguration;
			buildSettings = {
				ALWAYS_EMBED_SWIFT_STANDARD_LIBRARIES = YES;
				CODE_SIGN_STYLE = Automatic;
				CURRENT_PROJECT_VERSION = 1;
				DEVELOPMENT_TEAM = F2NH4J9NYG;
				GENERATE_INFOPLIST_FILE = YES;
				MARKETING_VERSION = 1.0;
				PRODUCT_BUNDLE_IDENTIFIER = "uk.co.georgegillams.software-chording-keyboard.Software-Chording-KeyboardUITests";
				PRODUCT_NAME = "$(TARGET_NAME)";
				SWIFT_EMIT_LOC_STRINGS = NO;
				SWIFT_VERSION = 5.0;
				TEST_TARGET_NAME = "Software Chording Keyboard";
			};
			name = Debug;
		};
		08E19F1B29DE19F90081AB4E /* Release */ = {
			isa = XCBuildConfiguration;
			buildSettings = {
				ALWAYS_EMBED_SWIFT_STANDARD_LIBRARIES = YES;
				CODE_SIGN_STYLE = Automatic;
				CURRENT_PROJECT_VERSION = 1;
				DEVELOPMENT_TEAM = F2NH4J9NYG;
				GENERATE_INFOPLIST_FILE = YES;
				MARKETING_VERSION = 1.0;
				PRODUCT_BUNDLE_IDENTIFIER = "uk.co.georgegillams.software-chording-keyboard.Software-Chording-KeyboardUITests";
				PRODUCT_NAME = "$(TARGET_NAME)";
				SWIFT_EMIT_LOC_STRINGS = NO;
				SWIFT_VERSION = 5.0;
				TEST_TARGET_NAME = "Software Chording Keyboard";
			};
			name = Release;
		};
/* End XCBuildConfiguration section */

/* Begin XCConfigurationList section */
		08E19EE929DE19F80081AB4E /* Build configuration list for PBXProject "Software Chording Keyboard" */ = {
			isa = XCConfigurationList;
			buildConfigurations = (
				08E19F1129DE19F90081AB4E /* Debug */,
				08E19F1229DE19F90081AB4E /* Release */,
			);
			defaultConfigurationIsVisible = 0;
			defaultConfigurationName = Release;
		};
		08E19F1329DE19F90081AB4E /* Build configuration list for PBXNativeTarget "Software Chording Keyboard" */ = {
			isa = XCConfigurationList;
			buildConfigurations = (
				08E19F1429DE19F90081AB4E /* Debug */,
				08E19F1529DE19F90081AB4E /* Release */,
			);
			defaultConfigurationIsVisible = 0;
			defaultConfigurationName = Release;
		};
		08E19F1629DE19F90081AB4E /* Build configuration list for PBXNativeTarget "Software Chording KeyboardTests" */ = {
			isa = XCConfigurationList;
			buildConfigurations = (
				08E19F1729DE19F90081AB4E /* Debug */,
				08E19F1829DE19F90081AB4E /* Release */,
			);
			defaultConfigurationIsVisible = 0;
			defaultConfigurationName = Release;
		};
		08E19F1929DE19F90081AB4E /* Build configuration list for PBXNativeTarget "Software Chording KeyboardUITests" */ = {
			isa = XCConfigurationList;
			buildConfigurations = (
				08E19F1A29DE19F90081AB4E /* Debug */,
				08E19F1B29DE19F90081AB4E /* Release */,
			);
			defaultConfigurationIsVisible = 0;
			defaultConfigurationName = Release;
		};
/* End XCConfigurationList section */

/* Begin XCRemoteSwiftPackageReference section */
		0898B4192BE16D140087D747 /* XCRemoteSwiftPackageReference "LaunchAtLogin-Modern" */ = {
			isa = XCRemoteSwiftPackageReference;
			repositoryURL = "https://github.com/sindresorhus/LaunchAtLogin-Modern";
			requirement = {
				branch = main;
				kind = branch;
			};
		};
/* End XCRemoteSwiftPackageReference section */

/* Begin XCSwiftPackageProductDependency section */
		0898B41A2BE16DBA0087D747 /* LaunchAtLogin */ = {
			isa = XCSwiftPackageProductDependency;
			package = 0898B4192BE16D140087D747 /* XCRemoteSwiftPackageReference "LaunchAtLogin-Modern" */;
			productName = LaunchAtLogin;
		};
/* End XCSwiftPackageProductDependency section */
	};
	rootObject = 08E19EE629DE19F80081AB4E /* Project object */;
}
