// !$*UTF8*$!
{
	archiveVersion = 1;
	classes = {
	};
	objectVersion = 56;
	objects = {

/* Begin PBXBuildFile section */
		080B768929DB325500B0DAF4 /* SoftwareChordingKeyboardApp.swift in Sources */ = {isa = PBXBuildFile; fileRef = 080B768829DB325500B0DAF4 /* SoftwareChordingKeyboardApp.swift */; };
		080B768B29DB325500B0DAF4 /* ContentView.swift in Sources */ = {isa = PBXBuildFile; fileRef = 080B768A29DB325500B0DAF4 /* ContentView.swift */; };
		080B768D29DB325600B0DAF4 /* Assets.xcassets in Resources */ = {isa = PBXBuildFile; fileRef = 080B768C29DB325600B0DAF4 /* Assets.xcassets */; };
		080B769029DB325600B0DAF4 /* Preview Assets.xcassets in Resources */ = {isa = PBXBuildFile; fileRef = 080B768F29DB325600B0DAF4 /* Preview Assets.xcassets */; };
		080B769B29DB325600B0DAF4 /* SoftwareChordingKeyboardTests.swift in Sources */ = {isa = PBXBuildFile; fileRef = 080B769A29DB325600B0DAF4 /* SoftwareChordingKeyboardTests.swift */; };
		080B76A529DB325600B0DAF4 /* SoftwareChordingKeyboardUITests.swift in Sources */ = {isa = PBXBuildFile; fileRef = 080B76A429DB325600B0DAF4 /* SoftwareChordingKeyboardUITests.swift */; };
		080B76A729DB325600B0DAF4 /* SoftwareChordingKeyboardUITestsLaunchTests.swift in Sources */ = {isa = PBXBuildFile; fileRef = 080B76A629DB325600B0DAF4 /* SoftwareChordingKeyboardUITestsLaunchTests.swift */; };
		084D10A229DD4F650093A3C8 /* Chord.swift in Sources */ = {isa = PBXBuildFile; fileRef = 084D10A129DD4F650093A3C8 /* Chord.swift */; };
		08C37DD929DE1261004C83EF /* AppSettings.swift in Sources */ = {isa = PBXBuildFile; fileRef = 08C37DD829DE1261004C83EF /* AppSettings.swift */; };
		08C37DDB29DE1752004C83EF /* Main.storyboard in Resources */ = {isa = PBXBuildFile; fileRef = 08C37DDA29DE1752004C83EF /* Main.storyboard */; };
		08CF374B29DB32800026C787 /* AppDelegate.swift in Sources */ = {isa = PBXBuildFile; fileRef = 08CF374A29DB32800026C787 /* AppDelegate.swift */; };
/* End PBXBuildFile section */

/* Begin PBXContainerItemProxy section */
		080B769729DB325600B0DAF4 /* PBXContainerItemProxy */ = {
			isa = PBXContainerItemProxy;
			containerPortal = 080B767D29DB325500B0DAF4 /* Project object */;
			proxyType = 1;
			remoteGlobalIDString = 080B768429DB325500B0DAF4;
			remoteInfo = SoftwareChordingKeyboard;
		};
		080B76A129DB325600B0DAF4 /* PBXContainerItemProxy */ = {
			isa = PBXContainerItemProxy;
			containerPortal = 080B767D29DB325500B0DAF4 /* Project object */;
			proxyType = 1;
			remoteGlobalIDString = 080B768429DB325500B0DAF4;
			remoteInfo = SoftwareChordingKeyboard;
		};
/* End PBXContainerItemProxy section */

/* Begin PBXFileReference section */
		080B768529DB325500B0DAF4 /* SoftwareChordingKeyboard.app */ = {isa = PBXFileReference; explicitFileType = wrapper.application; includeInIndex = 0; path = SoftwareChordingKeyboard.app; sourceTree = BUILT_PRODUCTS_DIR; };
		080B768829DB325500B0DAF4 /* SoftwareChordingKeyboardApp.swift */ = {isa = PBXFileReference; lastKnownFileType = sourcecode.swift; path = SoftwareChordingKeyboardApp.swift; sourceTree = "<group>"; };
		080B768A29DB325500B0DAF4 /* ContentView.swift */ = {isa = PBXFileReference; lastKnownFileType = sourcecode.swift; path = ContentView.swift; sourceTree = "<group>"; };
		080B768C29DB325600B0DAF4 /* Assets.xcassets */ = {isa = PBXFileReference; lastKnownFileType = folder.assetcatalog; path = Assets.xcassets; sourceTree = "<group>"; };
		080B768F29DB325600B0DAF4 /* Preview Assets.xcassets */ = {isa = PBXFileReference; lastKnownFileType = folder.assetcatalog; path = "Preview Assets.xcassets"; sourceTree = "<group>"; };
		080B769129DB325600B0DAF4 /* SoftwareChordingKeyboard.entitlements */ = {isa = PBXFileReference; lastKnownFileType = text.plist.entitlements; path = SoftwareChordingKeyboard.entitlements; sourceTree = "<group>"; };
		080B769629DB325600B0DAF4 /* SoftwareChordingKeyboardTests.xctest */ = {isa = PBXFileReference; explicitFileType = wrapper.cfbundle; includeInIndex = 0; path = SoftwareChordingKeyboardTests.xctest; sourceTree = BUILT_PRODUCTS_DIR; };
		080B769A29DB325600B0DAF4 /* SoftwareChordingKeyboardTests.swift */ = {isa = PBXFileReference; lastKnownFileType = sourcecode.swift; path = SoftwareChordingKeyboardTests.swift; sourceTree = "<group>"; };
		080B76A029DB325600B0DAF4 /* SoftwareChordingKeyboardUITests.xctest */ = {isa = PBXFileReference; explicitFileType = wrapper.cfbundle; includeInIndex = 0; path = SoftwareChordingKeyboardUITests.xctest; sourceTree = BUILT_PRODUCTS_DIR; };
		080B76A429DB325600B0DAF4 /* SoftwareChordingKeyboardUITests.swift */ = {isa = PBXFileReference; lastKnownFileType = sourcecode.swift; path = SoftwareChordingKeyboardUITests.swift; sourceTree = "<group>"; };
		080B76A629DB325600B0DAF4 /* SoftwareChordingKeyboardUITestsLaunchTests.swift */ = {isa = PBXFileReference; lastKnownFileType = sourcecode.swift; path = SoftwareChordingKeyboardUITestsLaunchTests.swift; sourceTree = "<group>"; };
		084D10A129DD4F650093A3C8 /* Chord.swift */ = {isa = PBXFileReference; lastKnownFileType = sourcecode.swift; path = Chord.swift; sourceTree = "<group>"; };
		08C37DD829DE1261004C83EF /* AppSettings.swift */ = {isa = PBXFileReference; lastKnownFileType = sourcecode.swift; path = AppSettings.swift; sourceTree = "<group>"; };
		08C37DDA29DE1752004C83EF /* Main.storyboard */ = {isa = PBXFileReference; lastKnownFileType = file.storyboard; path = Main.storyboard; sourceTree = "<group>"; };
		08CF374A29DB32800026C787 /* AppDelegate.swift */ = {isa = PBXFileReference; lastKnownFileType = sourcecode.swift; path = AppDelegate.swift; sourceTree = "<group>"; };
/* End PBXFileReference section */

/* Begin PBXFrameworksBuildPhase section */
		080B768229DB325500B0DAF4 /* Frameworks */ = {
			isa = PBXFrameworksBuildPhase;
			buildActionMask = 2147483647;
			files = (
			);
			runOnlyForDeploymentPostprocessing = 0;
		};
		080B769329DB325600B0DAF4 /* Frameworks */ = {
			isa = PBXFrameworksBuildPhase;
			buildActionMask = 2147483647;
			files = (
			);
			runOnlyForDeploymentPostprocessing = 0;
		};
		080B769D29DB325600B0DAF4 /* Frameworks */ = {
			isa = PBXFrameworksBuildPhase;
			buildActionMask = 2147483647;
			files = (
			);
			runOnlyForDeploymentPostprocessing = 0;
		};
/* End PBXFrameworksBuildPhase section */

/* Begin PBXGroup section */
		080B767C29DB325500B0DAF4 = {
			isa = PBXGroup;
			children = (
				080B768729DB325500B0DAF4 /* SoftwareChordingKeyboard */,
				080B769929DB325600B0DAF4 /* SoftwareChordingKeyboardTests */,
				080B76A329DB325600B0DAF4 /* SoftwareChordingKeyboardUITests */,
				080B768629DB325500B0DAF4 /* Products */,
			);
			sourceTree = "<group>";
		};
		080B768629DB325500B0DAF4 /* Products */ = {
			isa = PBXGroup;
			children = (
				080B768529DB325500B0DAF4 /* SoftwareChordingKeyboard.app */,
				080B769629DB325600B0DAF4 /* SoftwareChordingKeyboardTests.xctest */,
				080B76A029DB325600B0DAF4 /* SoftwareChordingKeyboardUITests.xctest */,
			);
			name = Products;
			sourceTree = "<group>";
		};
		080B768729DB325500B0DAF4 /* SoftwareChordingKeyboard */ = {
			isa = PBXGroup;
			children = (
				080B768829DB325500B0DAF4 /* SoftwareChordingKeyboardApp.swift */,
				080B768A29DB325500B0DAF4 /* ContentView.swift */,
				080B768C29DB325600B0DAF4 /* Assets.xcassets */,
				080B769129DB325600B0DAF4 /* SoftwareChordingKeyboard.entitlements */,
				080B768E29DB325600B0DAF4 /* Preview Content */,
				08CF374A29DB32800026C787 /* AppDelegate.swift */,
				084D10A129DD4F650093A3C8 /* Chord.swift */,
				08C37DD829DE1261004C83EF /* AppSettings.swift */,
				08C37DDA29DE1752004C83EF /* Main.storyboard */,
			);
			path = SoftwareChordingKeyboard;
			sourceTree = "<group>";
		};
		080B768E29DB325600B0DAF4 /* Preview Content */ = {
			isa = PBXGroup;
			children = (
				080B768F29DB325600B0DAF4 /* Preview Assets.xcassets */,
			);
			path = "Preview Content";
			sourceTree = "<group>";
		};
		080B769929DB325600B0DAF4 /* SoftwareChordingKeyboardTests */ = {
			isa = PBXGroup;
			children = (
				080B769A29DB325600B0DAF4 /* SoftwareChordingKeyboardTests.swift */,
			);
			path = SoftwareChordingKeyboardTests;
			sourceTree = "<group>";
		};
		080B76A329DB325600B0DAF4 /* SoftwareChordingKeyboardUITests */ = {
			isa = PBXGroup;
			children = (
				080B76A429DB325600B0DAF4 /* SoftwareChordingKeyboardUITests.swift */,
				080B76A629DB325600B0DAF4 /* SoftwareChordingKeyboardUITestsLaunchTests.swift */,
			);
			path = SoftwareChordingKeyboardUITests;
			sourceTree = "<group>";
		};
/* End PBXGroup section */

/* Begin PBXNativeTarget section */
		080B768429DB325500B0DAF4 /* SoftwareChordingKeyboard */ = {
			isa = PBXNativeTarget;
			buildConfigurationList = 080B76AA29DB325600B0DAF4 /* Build configuration list for PBXNativeTarget "SoftwareChordingKeyboard" */;
			buildPhases = (
				080B768129DB325500B0DAF4 /* Sources */,
				080B768229DB325500B0DAF4 /* Frameworks */,
				080B768329DB325500B0DAF4 /* Resources */,
			);
			buildRules = (
			);
			dependencies = (
			);
			name = SoftwareChordingKeyboard;
			packageProductDependencies = (
			);
			productName = SoftwareChordingKeyboard;
			productReference = 080B768529DB325500B0DAF4 /* SoftwareChordingKeyboard.app */;
			productType = "com.apple.product-type.application";
		};
		080B769529DB325600B0DAF4 /* SoftwareChordingKeyboardTests */ = {
			isa = PBXNativeTarget;
			buildConfigurationList = 080B76AD29DB325600B0DAF4 /* Build configuration list for PBXNativeTarget "SoftwareChordingKeyboardTests" */;
			buildPhases = (
				080B769229DB325600B0DAF4 /* Sources */,
				080B769329DB325600B0DAF4 /* Frameworks */,
				080B769429DB325600B0DAF4 /* Resources */,
			);
			buildRules = (
			);
			dependencies = (
				080B769829DB325600B0DAF4 /* PBXTargetDependency */,
			);
			name = SoftwareChordingKeyboardTests;
			productName = SoftwareChordingKeyboardTests;
			productReference = 080B769629DB325600B0DAF4 /* SoftwareChordingKeyboardTests.xctest */;
			productType = "com.apple.product-type.bundle.unit-test";
		};
		080B769F29DB325600B0DAF4 /* SoftwareChordingKeyboardUITests */ = {
			isa = PBXNativeTarget;
			buildConfigurationList = 080B76B029DB325600B0DAF4 /* Build configuration list for PBXNativeTarget "SoftwareChordingKeyboardUITests" */;
			buildPhases = (
				080B769C29DB325600B0DAF4 /* Sources */,
				080B769D29DB325600B0DAF4 /* Frameworks */,
				080B769E29DB325600B0DAF4 /* Resources */,
			);
			buildRules = (
			);
			dependencies = (
				080B76A229DB325600B0DAF4 /* PBXTargetDependency */,
			);
			name = SoftwareChordingKeyboardUITests;
			productName = SoftwareChordingKeyboardUITests;
			productReference = 080B76A029DB325600B0DAF4 /* SoftwareChordingKeyboardUITests.xctest */;
			productType = "com.apple.product-type.bundle.ui-testing";
		};
/* End PBXNativeTarget section */

/* Begin PBXProject section */
		080B767D29DB325500B0DAF4 /* Project object */ = {
			isa = PBXProject;
			attributes = {
				BuildIndependentTargetsInParallel = 1;
				LastSwiftUpdateCheck = 1430;
				LastUpgradeCheck = 1430;
				TargetAttributes = {
					080B768429DB325500B0DAF4 = {
						CreatedOnToolsVersion = 14.3;
					};
					080B769529DB325600B0DAF4 = {
						CreatedOnToolsVersion = 14.3;
						TestTargetID = 080B768429DB325500B0DAF4;
					};
					080B769F29DB325600B0DAF4 = {
						CreatedOnToolsVersion = 14.3;
						TestTargetID = 080B768429DB325500B0DAF4;
					};
				};
			};
			buildConfigurationList = 080B768029DB325500B0DAF4 /* Build configuration list for PBXProject "SoftwareChordingKeyboard" */;
			compatibilityVersion = "Xcode 14.0";
			developmentRegion = en;
			hasScannedForEncodings = 0;
			knownRegions = (
				en,
				Base,
			);
			mainGroup = 080B767C29DB325500B0DAF4;
			packageReferences = (
			);
			productRefGroup = 080B768629DB325500B0DAF4 /* Products */;
			projectDirPath = "";
			projectRoot = "";
			targets = (
				080B768429DB325500B0DAF4 /* SoftwareChordingKeyboard */,
				080B769529DB325600B0DAF4 /* SoftwareChordingKeyboardTests */,
				080B769F29DB325600B0DAF4 /* SoftwareChordingKeyboardUITests */,
			);
		};
/* End PBXProject section */

/* Begin PBXResourcesBuildPhase section */
		080B768329DB325500B0DAF4 /* Resources */ = {
			isa = PBXResourcesBuildPhase;
			buildActionMask = 2147483647;
			files = (
				08C37DDB29DE1752004C83EF /* Main.storyboard in Resources */,
				080B769029DB325600B0DAF4 /* Preview Assets.xcassets in Resources */,
				080B768D29DB325600B0DAF4 /* Assets.xcassets in Resources */,
			);
			runOnlyForDeploymentPostprocessing = 0;
		};
		080B769429DB325600B0DAF4 /* Resources */ = {
			isa = PBXResourcesBuildPhase;
			buildActionMask = 2147483647;
			files = (
			);
			runOnlyForDeploymentPostprocessing = 0;
		};
		080B769E29DB325600B0DAF4 /* Resources */ = {
			isa = PBXResourcesBuildPhase;
			buildActionMask = 2147483647;
			files = (
			);
			runOnlyForDeploymentPostprocessing = 0;
		};
/* End PBXResourcesBuildPhase section */

/* Begin PBXSourcesBuildPhase section */
		080B768129DB325500B0DAF4 /* Sources */ = {
			isa = PBXSourcesBuildPhase;
			buildActionMask = 2147483647;
			files = (
				08CF374B29DB32800026C787 /* AppDelegate.swift in Sources */,
				084D10A229DD4F650093A3C8 /* Chord.swift in Sources */,
				080B768B29DB325500B0DAF4 /* ContentView.swift in Sources */,
				08C37DD929DE1261004C83EF /* AppSettings.swift in Sources */,
				080B768929DB325500B0DAF4 /* SoftwareChordingKeyboardApp.swift in Sources */,
			);
			runOnlyForDeploymentPostprocessing = 0;
		};
		080B769229DB325600B0DAF4 /* Sources */ = {
			isa = PBXSourcesBuildPhase;
			buildActionMask = 2147483647;
			files = (
				080B769B29DB325600B0DAF4 /* SoftwareChordingKeyboardTests.swift in Sources */,
			);
			runOnlyForDeploymentPostprocessing = 0;
		};
		080B769C29DB325600B0DAF4 /* Sources */ = {
			isa = PBXSourcesBuildPhase;
			buildActionMask = 2147483647;
			files = (
				080B76A729DB325600B0DAF4 /* SoftwareChordingKeyboardUITestsLaunchTests.swift in Sources */,
				080B76A529DB325600B0DAF4 /* SoftwareChordingKeyboardUITests.swift in Sources */,
			);
			runOnlyForDeploymentPostprocessing = 0;
		};
/* End PBXSourcesBuildPhase section */

/* Begin PBXTargetDependency section */
		080B769829DB325600B0DAF4 /* PBXTargetDependency */ = {
			isa = PBXTargetDependency;
			target = 080B768429DB325500B0DAF4 /* SoftwareChordingKeyboard */;
			targetProxy = 080B769729DB325600B0DAF4 /* PBXContainerItemProxy */;
		};
		080B76A229DB325600B0DAF4 /* PBXTargetDependency */ = {
			isa = PBXTargetDependency;
			target = 080B768429DB325500B0DAF4 /* SoftwareChordingKeyboard */;
			targetProxy = 080B76A129DB325600B0DAF4 /* PBXContainerItemProxy */;
		};
/* End PBXTargetDependency section */

/* Begin XCBuildConfiguration section */
		080B76A829DB325600B0DAF4 /* Debug */ = {
			isa = XCBuildConfiguration;
			buildSettings = {
				ALWAYS_SEARCH_USER_PATHS = NO;
				CLANG_ANALYZER_NONNULL = YES;
				CLANG_ANALYZER_NUMBER_OBJECT_CONVERSION = YES_AGGRESSIVE;
				CLANG_CXX_LANGUAGE_STANDARD = "gnu++20";
				CLANG_ENABLE_MODULES = YES;
				CLANG_ENABLE_OBJC_ARC = YES;
				CLANG_ENABLE_OBJC_WEAK = YES;
				CLANG_WARN_BLOCK_CAPTURE_AUTORELEASING = YES;
				CLANG_WARN_BOOL_CONVERSION = YES;
				CLANG_WARN_COMMA = YES;
				CLANG_WARN_CONSTANT_CONVERSION = YES;
				CLANG_WARN_DEPRECATED_OBJC_IMPLEMENTATIONS = YES;
				CLANG_WARN_DIRECT_OBJC_ISA_USAGE = YES_ERROR;
				CLANG_WARN_DOCUMENTATION_COMMENTS = YES;
				CLANG_WARN_EMPTY_BODY = YES;
				CLANG_WARN_ENUM_CONVERSION = YES;
				CLANG_WARN_INFINITE_RECURSION = YES;
				CLANG_WARN_INT_CONVERSION = YES;
				CLANG_WARN_NON_LITERAL_NULL_CONVERSION = YES;
				CLANG_WARN_OBJC_IMPLICIT_RETAIN_SELF = YES;
				CLANG_WARN_OBJC_LITERAL_CONVERSION = YES;
				CLANG_WARN_OBJC_ROOT_CLASS = YES_ERROR;
				CLANG_WARN_QUOTED_INCLUDE_IN_FRAMEWORK_HEADER = YES;
				CLANG_WARN_RANGE_LOOP_ANALYSIS = YES;
				CLANG_WARN_STRICT_PROTOTYPES = YES;
				CLANG_WARN_SUSPICIOUS_MOVE = YES;
				CLANG_WARN_UNGUARDED_AVAILABILITY = YES_AGGRESSIVE;
				CLANG_WARN_UNREACHABLE_CODE = YES;
				CLANG_WARN__DUPLICATE_METHOD_MATCH = YES;
				COPY_PHASE_STRIP = NO;
				DEBUG_INFORMATION_FORMAT = dwarf;
				ENABLE_STRICT_OBJC_MSGSEND = YES;
				ENABLE_TESTABILITY = YES;
				GCC_C_LANGUAGE_STANDARD = gnu11;
				GCC_DYNAMIC_NO_PIC = NO;
				GCC_NO_COMMON_BLOCKS = YES;
				GCC_OPTIMIZATION_LEVEL = 0;
				GCC_PREPROCESSOR_DEFINITIONS = (
					"DEBUG=1",
					"$(inherited)",
				);
				GCC_WARN_64_TO_32_BIT_CONVERSION = YES;
				GCC_WARN_ABOUT_RETURN_TYPE = YES_ERROR;
				GCC_WARN_UNDECLARED_SELECTOR = YES;
				GCC_WARN_UNINITIALIZED_AUTOS = YES_AGGRESSIVE;
				GCC_WARN_UNUSED_FUNCTION = YES;
				GCC_WARN_UNUSED_VARIABLE = YES;
				MACOSX_DEPLOYMENT_TARGET = 13.3;
				MTL_ENABLE_DEBUG_INFO = INCLUDE_SOURCE;
				MTL_FAST_MATH = YES;
				ONLY_ACTIVE_ARCH = YES;
				SDKROOT = macosx;
				SWIFT_ACTIVE_COMPILATION_CONDITIONS = DEBUG;
				SWIFT_OPTIMIZATION_LEVEL = "-Onone";
			};
			name = Debug;
		};
		080B76A929DB325600B0DAF4 /* Release */ = {
			isa = XCBuildConfiguration;
			buildSettings = {
				ALWAYS_SEARCH_USER_PATHS = NO;
				CLANG_ANALYZER_NONNULL = YES;
				CLANG_ANALYZER_NUMBER_OBJECT_CONVERSION = YES_AGGRESSIVE;
				CLANG_CXX_LANGUAGE_STANDARD = "gnu++20";
				CLANG_ENABLE_MODULES = YES;
				CLANG_ENABLE_OBJC_ARC = YES;
				CLANG_ENABLE_OBJC_WEAK = YES;
				CLANG_WARN_BLOCK_CAPTURE_AUTORELEASING = YES;
				CLANG_WARN_BOOL_CONVERSION = YES;
				CLANG_WARN_COMMA = YES;
				CLANG_WARN_CONSTANT_CONVERSION = YES;
				CLANG_WARN_DEPRECATED_OBJC_IMPLEMENTATIONS = YES;
				CLANG_WARN_DIRECT_OBJC_ISA_USAGE = YES_ERROR;
				CLANG_WARN_DOCUMENTATION_COMMENTS = YES;
				CLANG_WARN_EMPTY_BODY = YES;
				CLANG_WARN_ENUM_CONVERSION = YES;
				CLANG_WARN_INFINITE_RECURSION = YES;
				CLANG_WARN_INT_CONVERSION = YES;
				CLANG_WARN_NON_LITERAL_NULL_CONVERSION = YES;
				CLANG_WARN_OBJC_IMPLICIT_RETAIN_SELF = YES;
				CLANG_WARN_OBJC_LITERAL_CONVERSION = YES;
				CLANG_WARN_OBJC_ROOT_CLASS = YES_ERROR;
				CLANG_WARN_QUOTED_INCLUDE_IN_FRAMEWORK_HEADER = YES;
				CLANG_WARN_RANGE_LOOP_ANALYSIS = YES;
				CLANG_WARN_STRICT_PROTOTYPES = YES;
				CLANG_WARN_SUSPICIOUS_MOVE = YES;
				CLANG_WARN_UNGUARDED_AVAILABILITY = YES_AGGRESSIVE;
				CLANG_WARN_UNREACHABLE_CODE = YES;
				CLANG_WARN__DUPLICATE_METHOD_MATCH = YES;
				COPY_PHASE_STRIP = NO;
				DEBUG_INFORMATION_FORMAT = "dwarf-with-dsym";
				ENABLE_NS_ASSERTIONS = NO;
				ENABLE_STRICT_OBJC_MSGSEND = YES;
				GCC_C_LANGUAGE_STANDARD = gnu11;
				GCC_NO_COMMON_BLOCKS = YES;
				GCC_WARN_64_TO_32_BIT_CONVERSION = YES;
				GCC_WARN_ABOUT_RETURN_TYPE = YES_ERROR;
				GCC_WARN_UNDECLARED_SELECTOR = YES;
				GCC_WARN_UNINITIALIZED_AUTOS = YES_AGGRESSIVE;
				GCC_WARN_UNUSED_FUNCTION = YES;
				GCC_WARN_UNUSED_VARIABLE = YES;
				MACOSX_DEPLOYMENT_TARGET = 13.3;
				MTL_ENABLE_DEBUG_INFO = NO;
				MTL_FAST_MATH = YES;
				SDKROOT = macosx;
				SWIFT_COMPILATION_MODE = wholemodule;
				SWIFT_OPTIMIZATION_LEVEL = "-O";
			};
			name = Release;
		};
		080B76AB29DB325600B0DAF4 /* Debug */ = {
			isa = XCBuildConfiguration;
			buildSettings = {
				ASSETCATALOG_COMPILER_APPICON_NAME = AppIcon;
				ASSETCATALOG_COMPILER_GLOBAL_ACCENT_COLOR_NAME = AccentColor;
				CODE_SIGN_ENTITLEMENTS = SoftwareChordingKeyboard/SoftwareChordingKeyboard.entitlements;
				CODE_SIGN_STYLE = Automatic;
				COMBINE_HIDPI_IMAGES = YES;
				CURRENT_PROJECT_VERSION = 1;
				DEVELOPMENT_ASSET_PATHS = "\"SoftwareChordingKeyboard/Preview Content\"";
				DEVELOPMENT_TEAM = F2NH4J9NYG;
				ENABLE_HARDENED_RUNTIME = YES;
				ENABLE_PREVIEWS = YES;
				GENERATE_INFOPLIST_FILE = YES;
				INFOPLIST_KEY_NSHumanReadableCopyright = "";
				LD_RUNPATH_SEARCH_PATHS = (
					"$(inherited)",
					"@executable_path/../Frameworks",
				);
				MARKETING_VERSION = 1.0;
				PRODUCT_BUNDLE_IDENTIFIER = "uk.co.georgegillams.software-chording-keyboard.SoftwareChordingKeyboard";
				PRODUCT_NAME = "$(TARGET_NAME)";
				SWIFT_EMIT_LOC_STRINGS = YES;
				SWIFT_VERSION = 5.0;
			};
			name = Debug;
		};
		080B76AC29DB325600B0DAF4 /* Release */ = {
			isa = XCBuildConfiguration;
			buildSettings = {
				ASSETCATALOG_COMPILER_APPICON_NAME = AppIcon;
				ASSETCATALOG_COMPILER_GLOBAL_ACCENT_COLOR_NAME = AccentColor;
				CODE_SIGN_ENTITLEMENTS = SoftwareChordingKeyboard/SoftwareChordingKeyboard.entitlements;
				CODE_SIGN_STYLE = Automatic;
				COMBINE_HIDPI_IMAGES = YES;
				CURRENT_PROJECT_VERSION = 1;
				DEVELOPMENT_ASSET_PATHS = "\"SoftwareChordingKeyboard/Preview Content\"";
				DEVELOPMENT_TEAM = F2NH4J9NYG;
				ENABLE_HARDENED_RUNTIME = YES;
				ENABLE_PREVIEWS = YES;
				GENERATE_INFOPLIST_FILE = YES;
				INFOPLIST_KEY_NSHumanReadableCopyright = "";
				LD_RUNPATH_SEARCH_PATHS = (
					"$(inherited)",
					"@executable_path/../Frameworks",
				);
				MARKETING_VERSION = 1.0;
				PRODUCT_BUNDLE_IDENTIFIER = "uk.co.georgegillams.software-chording-keyboard.SoftwareChordingKeyboard";
				PRODUCT_NAME = "$(TARGET_NAME)";
				SWIFT_EMIT_LOC_STRINGS = YES;
				SWIFT_VERSION = 5.0;
			};
			name = Release;
		};
		080B76AE29DB325600B0DAF4 /* Debug */ = {
			isa = XCBuildConfiguration;
			buildSettings = {
				ALWAYS_EMBED_SWIFT_STANDARD_LIBRARIES = YES;
				BUNDLE_LOADER = "$(TEST_HOST)";
				CODE_SIGN_STYLE = Automatic;
				CURRENT_PROJECT_VERSION = 1;
				DEVELOPMENT_TEAM = F2NH4J9NYG;
				GENERATE_INFOPLIST_FILE = YES;
				MACOSX_DEPLOYMENT_TARGET = 13.3;
				MARKETING_VERSION = 1.0;
				PRODUCT_BUNDLE_IDENTIFIER = "uk.co.georgegillams.software-chording-keyboard.SoftwareChordingKeyboardTests";
				PRODUCT_NAME = "$(TARGET_NAME)";
				SWIFT_EMIT_LOC_STRINGS = NO;
				SWIFT_VERSION = 5.0;
				TEST_HOST = "$(BUILT_PRODUCTS_DIR)/SoftwareChordingKeyboard.app/$(BUNDLE_EXECUTABLE_FOLDER_PATH)/SoftwareChordingKeyboard";
			};
			name = Debug;
		};
		080B76AF29DB325600B0DAF4 /* Release */ = {
			isa = XCBuildConfiguration;
			buildSettings = {
				ALWAYS_EMBED_SWIFT_STANDARD_LIBRARIES = YES;
				BUNDLE_LOADER = "$(TEST_HOST)";
				CODE_SIGN_STYLE = Automatic;
				CURRENT_PROJECT_VERSION = 1;
				DEVELOPMENT_TEAM = F2NH4J9NYG;
				GENERATE_INFOPLIST_FILE = YES;
				MACOSX_DEPLOYMENT_TARGET = 13.3;
				MARKETING_VERSION = 1.0;
				PRODUCT_BUNDLE_IDENTIFIER = "uk.co.georgegillams.software-chording-keyboard.SoftwareChordingKeyboardTests";
				PRODUCT_NAME = "$(TARGET_NAME)";
				SWIFT_EMIT_LOC_STRINGS = NO;
				SWIFT_VERSION = 5.0;
				TEST_HOST = "$(BUILT_PRODUCTS_DIR)/SoftwareChordingKeyboard.app/$(BUNDLE_EXECUTABLE_FOLDER_PATH)/SoftwareChordingKeyboard";
			};
			name = Release;
		};
		080B76B129DB325600B0DAF4 /* Debug */ = {
			isa = XCBuildConfiguration;
			buildSettings = {
				ALWAYS_EMBED_SWIFT_STANDARD_LIBRARIES = YES;
				CODE_SIGN_STYLE = Automatic;
				CURRENT_PROJECT_VERSION = 1;
				DEVELOPMENT_TEAM = F2NH4J9NYG;
				GENERATE_INFOPLIST_FILE = YES;
				MARKETING_VERSION = 1.0;
				PRODUCT_BUNDLE_IDENTIFIER = "uk.co.georgegillams.software-chording-keyboard.SoftwareChordingKeyboardUITests";
				PRODUCT_NAME = "$(TARGET_NAME)";
				SWIFT_EMIT_LOC_STRINGS = NO;
				SWIFT_VERSION = 5.0;
				TEST_TARGET_NAME = SoftwareChordingKeyboard;
			};
			name = Debug;
		};
		080B76B229DB325600B0DAF4 /* Release */ = {
			isa = XCBuildConfiguration;
			buildSettings = {
				ALWAYS_EMBED_SWIFT_STANDARD_LIBRARIES = YES;
				CODE_SIGN_STYLE = Automatic;
				CURRENT_PROJECT_VERSION = 1;
				DEVELOPMENT_TEAM = F2NH4J9NYG;
				GENERATE_INFOPLIST_FILE = YES;
				MARKETING_VERSION = 1.0;
				PRODUCT_BUNDLE_IDENTIFIER = "uk.co.georgegillams.software-chording-keyboard.SoftwareChordingKeyboardUITests";
				PRODUCT_NAME = "$(TARGET_NAME)";
				SWIFT_EMIT_LOC_STRINGS = NO;
				SWIFT_VERSION = 5.0;
				TEST_TARGET_NAME = SoftwareChordingKeyboard;
			};
			name = Release;
		};
/* End XCBuildConfiguration section */

/* Begin XCConfigurationList section */
		080B768029DB325500B0DAF4 /* Build configuration list for PBXProject "SoftwareChordingKeyboard" */ = {
			isa = XCConfigurationList;
			buildConfigurations = (
				080B76A829DB325600B0DAF4 /* Debug */,
				080B76A929DB325600B0DAF4 /* Release */,
			);
			defaultConfigurationIsVisible = 0;
			defaultConfigurationName = Release;
		};
		080B76AA29DB325600B0DAF4 /* Build configuration list for PBXNativeTarget "SoftwareChordingKeyboard" */ = {
			isa = XCConfigurationList;
			buildConfigurations = (
				080B76AB29DB325600B0DAF4 /* Debug */,
				080B76AC29DB325600B0DAF4 /* Release */,
			);
			defaultConfigurationIsVisible = 0;
			defaultConfigurationName = Release;
		};
		080B76AD29DB325600B0DAF4 /* Build configuration list for PBXNativeTarget "SoftwareChordingKeyboardTests" */ = {
			isa = XCConfigurationList;
			buildConfigurations = (
				080B76AE29DB325600B0DAF4 /* Debug */,
				080B76AF29DB325600B0DAF4 /* Release */,
			);
			defaultConfigurationIsVisible = 0;
			defaultConfigurationName = Release;
		};
		080B76B029DB325600B0DAF4 /* Build configuration list for PBXNativeTarget "SoftwareChordingKeyboardUITests" */ = {
			isa = XCConfigurationList;
			buildConfigurations = (
				080B76B129DB325600B0DAF4 /* Debug */,
				080B76B229DB325600B0DAF4 /* Release */,
			);
			defaultConfigurationIsVisible = 0;
			defaultConfigurationName = Release;
		};
/* End XCConfigurationList section */
	};
	rootObject = 080B767D29DB325500B0DAF4 /* Project object */;
}
